// !$*UTF8*$!
{
	archiveVersion = 1;
	classes = {
	};
	objectVersion = 51;
	objects = {

/* Begin PBXBuildFile section */
		4489368A2708380100EA423A /* Onboarding.storyboard in Resources */ = {isa = PBXBuildFile; fileRef = 448936892708380100EA423A /* Onboarding.storyboard */; };
		448936AA2708401500EA423A /* SignInReactor.swift in Sources */ = {isa = PBXBuildFile; fileRef = 448936A92708401500EA423A /* SignInReactor.swift */; };
		448936AB2708401500EA423A /* SignInReactor.swift in Sources */ = {isa = PBXBuildFile; fileRef = 448936A92708401500EA423A /* SignInReactor.swift */; };
		448936AE2708415500EA423A /* Onboarding.storyboard in Resources */ = {isa = PBXBuildFile; fileRef = 448936892708380100EA423A /* Onboarding.storyboard */; };
		44922DA12719512A00A5EA2B /* SignInViewController.swift in Sources */ = {isa = PBXBuildFile; fileRef = 44922DA02719512A00A5EA2B /* SignInViewController.swift */; };
		44922DA22719512A00A5EA2B /* SignInViewController.swift in Sources */ = {isa = PBXBuildFile; fileRef = 44922DA02719512A00A5EA2B /* SignInViewController.swift */; };
		44922DA72719B89200A5EA2B /* Validator.swift in Sources */ = {isa = PBXBuildFile; fileRef = 44922DA62719B89200A5EA2B /* Validator.swift */; };
		44922DA82719B89200A5EA2B /* Validator.swift in Sources */ = {isa = PBXBuildFile; fileRef = 44922DA62719B89200A5EA2B /* Validator.swift */; };
		44922DBE2719CC5700A5EA2B /* Colors.xcassets in Resources */ = {isa = PBXBuildFile; fileRef = 784D1DC727083D88004B1A23 /* Colors.xcassets */; };
		44922DC12719CE9100A5EA2B /* Images.xcassets in Resources */ = {isa = PBXBuildFile; fileRef = 784D1DC827083D88004B1A23 /* Images.xcassets */; };
		44922DC52719DF3F00A5EA2B /* UIButtonExtension.swift in Sources */ = {isa = PBXBuildFile; fileRef = 44922DC42719DF3F00A5EA2B /* UIButtonExtension.swift */; };
		44922DC62719DF3F00A5EA2B /* UIButtonExtension.swift in Sources */ = {isa = PBXBuildFile; fileRef = 44922DC42719DF3F00A5EA2B /* UIButtonExtension.swift */; };
		44922DCA2719E64200A5EA2B /* DefaultButton.swift in Sources */ = {isa = PBXBuildFile; fileRef = 44922DC92719E64200A5EA2B /* DefaultButton.swift */; };
		44922DCB2719E64200A5EA2B /* DefaultButton.swift in Sources */ = {isa = PBXBuildFile; fileRef = 44922DC92719E64200A5EA2B /* DefaultButton.swift */; };
		44922DD22719FB9300A5EA2B /* InputView.swift in Sources */ = {isa = PBXBuildFile; fileRef = 44922DD12719FB9300A5EA2B /* InputView.swift */; };
		44922DD32719FB9300A5EA2B /* InputView.swift in Sources */ = {isa = PBXBuildFile; fileRef = 44922DD12719FB9300A5EA2B /* InputView.swift */; };
		44AA7D892724494B006EEA98 /* ConditionCheckView.swift in Sources */ = {isa = PBXBuildFile; fileRef = 44AA7D882724494B006EEA98 /* ConditionCheckView.swift */; };
		44AA7D8C2724494E006EEA98 /* ConditionCheckView.swift in Sources */ = {isa = PBXBuildFile; fileRef = 44AA7D882724494B006EEA98 /* ConditionCheckView.swift */; };
		44B4F2D8270755FF00D53F27 /* SceneDelegate.swift in Sources */ = {isa = PBXBuildFile; fileRef = 44F9B0E2270606E7005418F0 /* SceneDelegate.swift */; };
		44B4F2DB2707560100D53F27 /* AppDelegate.swift in Sources */ = {isa = PBXBuildFile; fileRef = 44F9B0E0270606E7005418F0 /* AppDelegate.swift */; };
		44B4F2E42707560800D53F27 /* LaunchScreen.storyboard in Resources */ = {isa = PBXBuildFile; fileRef = 44F9B0EB270606EE005418F0 /* LaunchScreen.storyboard */; };
		44BE6F01271144AB00E74A7D /* TermsAgreementViewController.swift in Sources */ = {isa = PBXBuildFile; fileRef = 44BE6F00271144AB00E74A7D /* TermsAgreementViewController.swift */; };
		44BE6F07271144BF00E74A7D /* SignUpReactor.swift in Sources */ = {isa = PBXBuildFile; fileRef = 44BE6F06271144BF00E74A7D /* SignUpReactor.swift */; };
		44F9B0E1270606E7005418F0 /* AppDelegate.swift in Sources */ = {isa = PBXBuildFile; fileRef = 44F9B0E0270606E7005418F0 /* AppDelegate.swift */; };
		44F9B0E3270606E7005418F0 /* SceneDelegate.swift in Sources */ = {isa = PBXBuildFile; fileRef = 44F9B0E2270606E7005418F0 /* SceneDelegate.swift */; };
		44F9B0ED270606EE005418F0 /* LaunchScreen.storyboard in Resources */ = {isa = PBXBuildFile; fileRef = 44F9B0EB270606EE005418F0 /* LaunchScreen.storyboard */; };
		44FB09F427183097006E1048 /* TermsAgreementViewController.swift in Sources */ = {isa = PBXBuildFile; fileRef = 44BE6F00271144AB00E74A7D /* TermsAgreementViewController.swift */; };
		44FB09F72718309F006E1048 /* SignUpReactor.swift in Sources */ = {isa = PBXBuildFile; fileRef = 44BE6F06271144BF00E74A7D /* SignUpReactor.swift */; };
		44FB09FB27183269006E1048 /* ArchiveStep.swift in Sources */ = {isa = PBXBuildFile; fileRef = 44FB09FA27183269006E1048 /* ArchiveStep.swift */; };
		44FB09FF271832AD006E1048 /* AppFlow.swift in Sources */ = {isa = PBXBuildFile; fileRef = 44FB09FE271832AD006E1048 /* AppFlow.swift */; };
		44FB0A02271832D2006E1048 /* ArchiveStep.swift in Sources */ = {isa = PBXBuildFile; fileRef = 44FB09FA27183269006E1048 /* ArchiveStep.swift */; };
		44FB0A05271832D4006E1048 /* AppFlow.swift in Sources */ = {isa = PBXBuildFile; fileRef = 44FB09FE271832AD006E1048 /* AppFlow.swift */; };
		44FB0A09271832E9006E1048 /* OnboardingFlow.swift in Sources */ = {isa = PBXBuildFile; fileRef = 44FB0A08271832E9006E1048 /* OnboardingFlow.swift */; };
		44FB0A0C27183307006E1048 /* OnboardingFlow.swift in Sources */ = {isa = PBXBuildFile; fileRef = 44FB0A08271832E9006E1048 /* OnboardingFlow.swift */; };
		44FB0A1027183BDA006E1048 /* EmailInputViewController.swift in Sources */ = {isa = PBXBuildFile; fileRef = 44FB0A0F27183BDA006E1048 /* EmailInputViewController.swift */; };
		44FB0A1327183BDD006E1048 /* EmailInputViewController.swift in Sources */ = {isa = PBXBuildFile; fileRef = 44FB0A0F27183BDA006E1048 /* EmailInputViewController.swift */; };
		44FB0A1727183C22006E1048 /* PasswordInputViewController.swift in Sources */ = {isa = PBXBuildFile; fileRef = 44FB0A1627183C22006E1048 /* PasswordInputViewController.swift */; };
		44FB0A1827183C22006E1048 /* PasswordInputViewController.swift in Sources */ = {isa = PBXBuildFile; fileRef = 44FB0A1627183C22006E1048 /* PasswordInputViewController.swift */; };
		44FB0A1C27183C9C006E1048 /* SignUpCompletionViewController.swift in Sources */ = {isa = PBXBuildFile; fileRef = 44FB0A1B27183C9C006E1048 /* SignUpCompletionViewController.swift */; };
		44FB0A1D27183C9C006E1048 /* SignUpCompletionViewController.swift in Sources */ = {isa = PBXBuildFile; fileRef = 44FB0A1B27183C9C006E1048 /* SignUpCompletionViewController.swift */; };
		44FB0A2227184376006E1048 /* ReuseIdentifiable.swift in Sources */ = {isa = PBXBuildFile; fileRef = 44FB0A2127184376006E1048 /* ReuseIdentifiable.swift */; };
		44FB0A2327184376006E1048 /* ReuseIdentifiable.swift in Sources */ = {isa = PBXBuildFile; fileRef = 44FB0A2127184376006E1048 /* ReuseIdentifiable.swift */; };
		44FB0A2927186E33006E1048 /* AppStepper.swift in Sources */ = {isa = PBXBuildFile; fileRef = 44FB0A2827186E33006E1048 /* AppStepper.swift */; };
		44FB0A2A27186E33006E1048 /* AppStepper.swift in Sources */ = {isa = PBXBuildFile; fileRef = 44FB0A2827186E33006E1048 /* AppStepper.swift */; };
		4FD4F1D4272F869A00BDB4BB /* RecordCardCollectionViewCell.swift in Sources */ = {isa = PBXBuildFile; fileRef = 4FD4F1D2272F869A00BDB4BB /* RecordCardCollectionViewCell.swift */; };
		4FD4F1D5272F869A00BDB4BB /* RecordCardCollectionViewCell.xib in Resources */ = {isa = PBXBuildFile; fileRef = 4FD4F1D3272F869A00BDB4BB /* RecordCardCollectionViewCell.xib */; };
		4FD4F1DA272F86B800BDB4BB /* RecordImageCollectionViewCell.swift in Sources */ = {isa = PBXBuildFile; fileRef = 4FD4F1D8272F86B800BDB4BB /* RecordImageCollectionViewCell.swift */; };
		4FD4F1DB272F86B800BDB4BB /* RecordImageCollectionViewCell.xib in Resources */ = {isa = PBXBuildFile; fileRef = 4FD4F1D9272F86B800BDB4BB /* RecordImageCollectionViewCell.xib */; };
		4FD4F1DC272F870D00BDB4BB /* RecordCardCollectionViewCell.xib in Resources */ = {isa = PBXBuildFile; fileRef = 4FD4F1D3272F869A00BDB4BB /* RecordCardCollectionViewCell.xib */; };
		4FD4F1DD272F870D00BDB4BB /* RecordCardCollectionViewCell.swift in Sources */ = {isa = PBXBuildFile; fileRef = 4FD4F1D2272F869A00BDB4BB /* RecordCardCollectionViewCell.swift */; };
		4FD4F1DE272F870D00BDB4BB /* RecordImageCollectionViewCell.swift in Sources */ = {isa = PBXBuildFile; fileRef = 4FD4F1D8272F86B800BDB4BB /* RecordImageCollectionViewCell.swift */; };
		4FD4F1DF272F870D00BDB4BB /* RecordImageCollectionViewCell.xib in Resources */ = {isa = PBXBuildFile; fileRef = 4FD4F1D9272F86B800BDB4BB /* RecordImageCollectionViewCell.xib */; };
		565A35543932E4595BE1DD5A /* Pods_Archive_debug.framework in Frameworks */ = {isa = PBXBuildFile; fileRef = 53EB9EAFE492E4886567AE92 /* Pods_Archive_debug.framework */; };
		780478102723CB7900FAA1CF /* MyPageFlow.swift in Sources */ = {isa = PBXBuildFile; fileRef = 78BA15462721956A0078B88E /* MyPageFlow.swift */; };
		780478122723CC5C00FAA1CF /* MyPageModel.swift in Sources */ = {isa = PBXBuildFile; fileRef = 78BA1548272197250078B88E /* MyPageModel.swift */; };
		780478132723CC5F00FAA1CF /* MyPageViewController.swift in Sources */ = {isa = PBXBuildFile; fileRef = 78BA154027218F430078B88E /* MyPageViewController.swift */; };
		780478142723CC6400FAA1CF /* MyPageReactor.swift in Sources */ = {isa = PBXBuildFile; fileRef = 78BA154227218F4E0078B88E /* MyPageReactor.swift */; };
		780478202723E83100FAA1CF /* LoginInformationViewController.swift in Sources */ = {isa = PBXBuildFile; fileRef = 7804781F2723E83100FAA1CF /* LoginInformationViewController.swift */; };
		780478222723E83F00FAA1CF /* LoginInformationReactor.swift in Sources */ = {isa = PBXBuildFile; fileRef = 780478212723E83F00FAA1CF /* LoginInformationReactor.swift */; };
		780478242723E84900FAA1CF /* LoginInformationModel.swift in Sources */ = {isa = PBXBuildFile; fileRef = 780478232723E84900FAA1CF /* LoginInformationModel.swift */; };
		780478262723EA0300FAA1CF /* LoginDefine.swift in Sources */ = {isa = PBXBuildFile; fileRef = 780478252723EA0300FAA1CF /* LoginDefine.swift */; };
		780478272723FAB100FAA1CF /* LoginInformationViewController.swift in Sources */ = {isa = PBXBuildFile; fileRef = 7804781F2723E83100FAA1CF /* LoginInformationViewController.swift */; };
		780478282723FAB300FAA1CF /* LoginInformationReactor.swift in Sources */ = {isa = PBXBuildFile; fileRef = 780478212723E83F00FAA1CF /* LoginInformationReactor.swift */; };
		780478292723FAB500FAA1CF /* LoginInformationModel.swift in Sources */ = {isa = PBXBuildFile; fileRef = 780478232723E84900FAA1CF /* LoginInformationModel.swift */; };
		7804782A2723FADD00FAA1CF /* LoginDefine.swift in Sources */ = {isa = PBXBuildFile; fileRef = 780478252723EA0300FAA1CF /* LoginDefine.swift */; };
		782FDF3B272CF9B6004D1B6E /* ImageSelectViewController.swift in Sources */ = {isa = PBXBuildFile; fileRef = 782FDF3A272CF9B6004D1B6E /* ImageSelectViewController.swift */; };
		782FDF3D272CF9C3004D1B6E /* ImageSelectReactor.swift in Sources */ = {isa = PBXBuildFile; fileRef = 782FDF3C272CF9C3004D1B6E /* ImageSelectReactor.swift */; };
		782FDF3F272CF9CC004D1B6E /* ImageSelectModel.swift in Sources */ = {isa = PBXBuildFile; fileRef = 782FDF3E272CF9CC004D1B6E /* ImageSelectModel.swift */; };
		782FDF40272CFA59004D1B6E /* ImageSelectReactor.swift in Sources */ = {isa = PBXBuildFile; fileRef = 782FDF3C272CF9C3004D1B6E /* ImageSelectReactor.swift */; };
		782FDF41272CFA59004D1B6E /* ImageSelectModel.swift in Sources */ = {isa = PBXBuildFile; fileRef = 782FDF3E272CF9CC004D1B6E /* ImageSelectModel.swift */; };
		782FDF42272CFA59004D1B6E /* ImageSelectViewController.swift in Sources */ = {isa = PBXBuildFile; fileRef = 782FDF3A272CF9B6004D1B6E /* ImageSelectViewController.swift */; };
		782FDF4B272CFB6E004D1B6E /* PhotoFromAlbumCell.xib in Resources */ = {isa = PBXBuildFile; fileRef = 782FDF45272CFB6E004D1B6E /* PhotoFromAlbumCell.xib */; };
		782FDF4C272CFB6E004D1B6E /* PhotoFromAlbumCell.swift in Sources */ = {isa = PBXBuildFile; fileRef = 782FDF46272CFB6E004D1B6E /* PhotoFromAlbumCell.swift */; };
		782FDF4D272CFB6E004D1B6E /* HWPhotoListFromAlbumView.xib in Resources */ = {isa = PBXBuildFile; fileRef = 782FDF47272CFB6E004D1B6E /* HWPhotoListFromAlbumView.xib */; };
		782FDF4E272CFB6E004D1B6E /* PhotoFromAlbumModel.swift in Sources */ = {isa = PBXBuildFile; fileRef = 782FDF49272CFB6E004D1B6E /* PhotoFromAlbumModel.swift */; };
		782FDF4F272CFB6E004D1B6E /* HWPhotoListFromAlbumView.swift in Sources */ = {isa = PBXBuildFile; fileRef = 782FDF4A272CFB6E004D1B6E /* HWPhotoListFromAlbumView.swift */; };
		782FDF50272CFC1C004D1B6E /* HWPhotoListFromAlbumView.swift in Sources */ = {isa = PBXBuildFile; fileRef = 782FDF4A272CFB6E004D1B6E /* HWPhotoListFromAlbumView.swift */; };
		782FDF51272CFC1C004D1B6E /* HWPhotoListFromAlbumView.xib in Resources */ = {isa = PBXBuildFile; fileRef = 782FDF47272CFB6E004D1B6E /* HWPhotoListFromAlbumView.xib */; };
		782FDF52272CFC1C004D1B6E /* PhotoFromAlbumCell.xib in Resources */ = {isa = PBXBuildFile; fileRef = 782FDF45272CFB6E004D1B6E /* PhotoFromAlbumCell.xib */; };
		782FDF53272CFC1C004D1B6E /* PhotoFromAlbumCell.swift in Sources */ = {isa = PBXBuildFile; fileRef = 782FDF46272CFB6E004D1B6E /* PhotoFromAlbumCell.swift */; };
		782FDF54272CFC1C004D1B6E /* PhotoFromAlbumModel.swift in Sources */ = {isa = PBXBuildFile; fileRef = 782FDF49272CFB6E004D1B6E /* PhotoFromAlbumModel.swift */; };
		782FDF56272D1D70004D1B6E /* ActivityIndicatorable.swift in Sources */ = {isa = PBXBuildFile; fileRef = 782FDF55272D1D70004D1B6E /* ActivityIndicatorable.swift */; };
		782FDF57272D1D78004D1B6E /* ActivityIndicatorable.swift in Sources */ = {isa = PBXBuildFile; fileRef = 782FDF55272D1D70004D1B6E /* ActivityIndicatorable.swift */; };
		783A61DF273BEB02004D848F /* InstagramStoryShareManager.swift in Sources */ = {isa = PBXBuildFile; fileRef = 783A61DE273BEB02004D848F /* InstagramStoryShareManager.swift */; };
		783A61E0273BEB06004D848F /* InstagramStoryShareManager.swift in Sources */ = {isa = PBXBuildFile; fileRef = 783A61DE273BEB02004D848F /* InstagramStoryShareManager.swift */; };
		783A61E2273BEE9F004D848F /* TopConerRadiusView.swift in Sources */ = {isa = PBXBuildFile; fileRef = 783A61E1273BEE9F004D848F /* TopConerRadiusView.swift */; };
		783A61E3273BF069004D848F /* TopConerRadiusView.swift in Sources */ = {isa = PBXBuildFile; fileRef = 783A61E1273BEE9F004D848F /* TopConerRadiusView.swift */; };
		784377AE273172820005CB51 /* RecordAddImageCollectionViewCell.swift in Sources */ = {isa = PBXBuildFile; fileRef = 784377AC273172820005CB51 /* RecordAddImageCollectionViewCell.swift */; };
		784377AF273172820005CB51 /* RecordAddImageCollectionViewCell.xib in Resources */ = {isa = PBXBuildFile; fileRef = 784377AD273172820005CB51 /* RecordAddImageCollectionViewCell.xib */; };
		784377B0273173B00005CB51 /* RecordAddImageCollectionViewCell.swift in Sources */ = {isa = PBXBuildFile; fileRef = 784377AC273172820005CB51 /* RecordAddImageCollectionViewCell.swift */; };
		784377B1273173B60005CB51 /* RecordAddImageCollectionViewCell.xib in Resources */ = {isa = PBXBuildFile; fileRef = 784377AD273172820005CB51 /* RecordAddImageCollectionViewCell.xib */; };
		78458D2A272C18BB00392B45 /* Util.swift in Sources */ = {isa = PBXBuildFile; fileRef = 78458D29272C18BB00392B45 /* Util.swift */; };
		784D1DC927083D88004B1A23 /* Colors.xcassets in Resources */ = {isa = PBXBuildFile; fileRef = 784D1DC727083D88004B1A23 /* Colors.xcassets */; };
		784D1DCA27083D88004B1A23 /* Images.xcassets in Resources */ = {isa = PBXBuildFile; fileRef = 784D1DC827083D88004B1A23 /* Images.xcassets */; };
		784D1DD2270841CF004B1A23 /* .swiftlint.yml in Resources */ = {isa = PBXBuildFile; fileRef = 784D1DD0270841B9004B1A23 /* .swiftlint.yml */; };
		784D1DD827084869004B1A23 /* swiftgen.yml in Resources */ = {isa = PBXBuildFile; fileRef = 784D1DD727084869004B1A23 /* swiftgen.yml */; };
		784D1E2127088BC0004B1A23 /* HWFlipView.swift in Sources */ = {isa = PBXBuildFile; fileRef = 784D1E2027088BC0004B1A23 /* HWFlipView.swift */; };
		784D1E3527088EC8004B1A23 /* Assets.swift in Sources */ = {isa = PBXBuildFile; fileRef = 784D1E3427088EC7004B1A23 /* Assets.swift */; };
		78557A2A272ECFC800C5BD62 /* UIDeviceExtension.swift in Sources */ = {isa = PBXBuildFile; fileRef = 78557A29272ECFC800C5BD62 /* UIDeviceExtension.swift */; };
		78557A2B272ECFD300C5BD62 /* UIDeviceExtension.swift in Sources */ = {isa = PBXBuildFile; fileRef = 78557A29272ECFC800C5BD62 /* UIDeviceExtension.swift */; };
		785F5E43273018BC00ACC7BA /* UIImageViewExtension.swift in Sources */ = {isa = PBXBuildFile; fileRef = 785F5E42273018BC00ACC7BA /* UIImageViewExtension.swift */; };
		785F5E44273018EB00ACC7BA /* UIImageViewExtension.swift in Sources */ = {isa = PBXBuildFile; fileRef = 785F5E42273018BC00ACC7BA /* UIImageViewExtension.swift */; };
		787769A0273AA98100519B58 /* PhotoContentsView.swift in Sources */ = {isa = PBXBuildFile; fileRef = 7877699E273AA98100519B58 /* PhotoContentsView.swift */; };
		787769A1273AA98100519B58 /* PhotoContentsView.xib in Resources */ = {isa = PBXBuildFile; fileRef = 7877699F273AA98100519B58 /* PhotoContentsView.xib */; };
		787769A2273AA98400519B58 /* PhotoContentsView.swift in Sources */ = {isa = PBXBuildFile; fileRef = 7877699E273AA98100519B58 /* PhotoContentsView.swift */; };
		787769A3273AA99000519B58 /* PhotoContentsView.xib in Resources */ = {isa = PBXBuildFile; fileRef = 7877699F273AA98100519B58 /* PhotoContentsView.xib */; };
		788243AA272CDCDC005E5CC0 /* Util.swift in Sources */ = {isa = PBXBuildFile; fileRef = 78458D29272C18BB00392B45 /* Util.swift */; };
		78958E0C27129FBB003FF724 /* Pretendard-Medium.ttf in Resources */ = {isa = PBXBuildFile; fileRef = 78958E0927129FBB003FF724 /* Pretendard-Medium.ttf */; };
		78958E0D27129FBB003FF724 /* Pretendard-Regular.ttf in Resources */ = {isa = PBXBuildFile; fileRef = 78958E0A27129FBB003FF724 /* Pretendard-Regular.ttf */; };
		78958E0E27129FBB003FF724 /* Pretendard-Bold.ttf in Resources */ = {isa = PBXBuildFile; fileRef = 78958E0B27129FBB003FF724 /* Pretendard-Bold.ttf */; };
		78958E112712A04B003FF724 /* FontDefine.swift in Sources */ = {isa = PBXBuildFile; fileRef = 78958E102712A04B003FF724 /* FontDefine.swift */; };
		78958E142712A0C5003FF724 /* UIFontExtension.swift in Sources */ = {isa = PBXBuildFile; fileRef = 78958E132712A0C5003FF724 /* UIFontExtension.swift */; };
		78958E152712A3EF003FF724 /* UIFontExtension.swift in Sources */ = {isa = PBXBuildFile; fileRef = 78958E132712A0C5003FF724 /* UIFontExtension.swift */; };
		78958E162712A3F1003FF724 /* FontDefine.swift in Sources */ = {isa = PBXBuildFile; fileRef = 78958E102712A04B003FF724 /* FontDefine.swift */; };
		78958E172712A510003FF724 /* Pretendard-Regular.ttf in Resources */ = {isa = PBXBuildFile; fileRef = 78958E0A27129FBB003FF724 /* Pretendard-Regular.ttf */; };
		78958E182712A510003FF724 /* Pretendard-Bold.ttf in Resources */ = {isa = PBXBuildFile; fileRef = 78958E0B27129FBB003FF724 /* Pretendard-Bold.ttf */; };
		78958E192712A510003FF724 /* Pretendard-Medium.ttf in Resources */ = {isa = PBXBuildFile; fileRef = 78958E0927129FBB003FF724 /* Pretendard-Medium.ttf */; };
		78958E1A2712A516003FF724 /* Assets.swift in Sources */ = {isa = PBXBuildFile; fileRef = 784D1E3427088EC7004B1A23 /* Assets.swift */; };
		789E6197272554F400D6E18F /* Record.storyboard in Resources */ = {isa = PBXBuildFile; fileRef = 789E6196272554F300D6E18F /* Record.storyboard */; };
		789E61992725550A00D6E18F /* RecordViewController.swift in Sources */ = {isa = PBXBuildFile; fileRef = 789E61982725550A00D6E18F /* RecordViewController.swift */; };
		789E619B2725551400D6E18F /* RecordReactor.swift in Sources */ = {isa = PBXBuildFile; fileRef = 789E619A2725551400D6E18F /* RecordReactor.swift */; };
		789E619D2725551C00D6E18F /* RecordModel.swift in Sources */ = {isa = PBXBuildFile; fileRef = 789E619C2725551C00D6E18F /* RecordModel.swift */; };
		789E61A727255F8500D6E18F /* RecordFlow.swift in Sources */ = {isa = PBXBuildFile; fileRef = 789E61A627255F8500D6E18F /* RecordFlow.swift */; };
		789E61A82725601400D6E18F /* RecordFlow.swift in Sources */ = {isa = PBXBuildFile; fileRef = 789E61A627255F8500D6E18F /* RecordFlow.swift */; };
		789E61AA2725601C00D6E18F /* RecordReactor.swift in Sources */ = {isa = PBXBuildFile; fileRef = 789E619A2725551400D6E18F /* RecordReactor.swift */; };
		789E61AB2725601C00D6E18F /* RecordModel.swift in Sources */ = {isa = PBXBuildFile; fileRef = 789E619C2725551C00D6E18F /* RecordModel.swift */; };
		789E61AD2725601C00D6E18F /* RecordViewController.swift in Sources */ = {isa = PBXBuildFile; fileRef = 789E61982725550A00D6E18F /* RecordViewController.swift */; };
		789E61AE2725777700D6E18F /* Record.storyboard in Resources */ = {isa = PBXBuildFile; fileRef = 789E6196272554F300D6E18F /* Record.storyboard */; };
		789E61B027257BCB00D6E18F /* ImageRecordReactor.swift in Sources */ = {isa = PBXBuildFile; fileRef = 789E61AF27257BCB00D6E18F /* ImageRecordReactor.swift */; };
		789E61B227257BD400D6E18F /* ImageRecordModel.swift in Sources */ = {isa = PBXBuildFile; fileRef = 789E61B127257BD400D6E18F /* ImageRecordModel.swift */; };
		789E61B92725817900D6E18F /* NibIdentifiable.swift in Sources */ = {isa = PBXBuildFile; fileRef = 789E61B82725817900D6E18F /* NibIdentifiable.swift */; };
		789E61BC2725847B00D6E18F /* ClassIdentifiable.swift in Sources */ = {isa = PBXBuildFile; fileRef = 789E61BB2725847B00D6E18F /* ClassIdentifiable.swift */; };
		789E61BE2725849400D6E18F /* NibIdentifiable.swift in Sources */ = {isa = PBXBuildFile; fileRef = 789E61B82725817900D6E18F /* NibIdentifiable.swift */; };
		789E61BF2725849400D6E18F /* ClassIdentifiable.swift in Sources */ = {isa = PBXBuildFile; fileRef = 789E61BB2725847B00D6E18F /* ClassIdentifiable.swift */; };
		789E61C5272584ED00D6E18F /* ContentsRecordReactor.swift in Sources */ = {isa = PBXBuildFile; fileRef = 789E61C4272584ED00D6E18F /* ContentsRecordReactor.swift */; };
		789E61C7272584FC00D6E18F /* ContentsRecordModel.swift in Sources */ = {isa = PBXBuildFile; fileRef = 789E61C6272584FC00D6E18F /* ContentsRecordModel.swift */; };
		789E61CA2725855D00D6E18F /* ContentsRecordReactor.swift in Sources */ = {isa = PBXBuildFile; fileRef = 789E61C4272584ED00D6E18F /* ContentsRecordReactor.swift */; };
		789E61CB2725855F00D6E18F /* ContentsRecordModel.swift in Sources */ = {isa = PBXBuildFile; fileRef = 789E61C6272584FC00D6E18F /* ContentsRecordModel.swift */; };
		78B872DA2726C54C009EFB54 /* EmotionSelectModel.swift in Sources */ = {isa = PBXBuildFile; fileRef = 78B872D72726C54C009EFB54 /* EmotionSelectModel.swift */; };
		78B872DB2726C54C009EFB54 /* EmotionSelectReactor.swift in Sources */ = {isa = PBXBuildFile; fileRef = 78B872D82726C54C009EFB54 /* EmotionSelectReactor.swift */; };
		78B872DC2726C54C009EFB54 /* EmotionSelectViewController.swift in Sources */ = {isa = PBXBuildFile; fileRef = 78B872D92726C54C009EFB54 /* EmotionSelectViewController.swift */; };
		78B872DD2726C553009EFB54 /* EmotionSelectModel.swift in Sources */ = {isa = PBXBuildFile; fileRef = 78B872D72726C54C009EFB54 /* EmotionSelectModel.swift */; };
		78B872DE2726C553009EFB54 /* EmotionSelectViewController.swift in Sources */ = {isa = PBXBuildFile; fileRef = 78B872D92726C54C009EFB54 /* EmotionSelectViewController.swift */; };
		78B872DF2726C553009EFB54 /* EmotionSelectReactor.swift in Sources */ = {isa = PBXBuildFile; fileRef = 78B872D82726C54C009EFB54 /* EmotionSelectReactor.swift */; };
		78B872E12726C6D1009EFB54 /* EmotionDefine.swift in Sources */ = {isa = PBXBuildFile; fileRef = 78B872E02726C6D1009EFB54 /* EmotionDefine.swift */; };
		78B872E22726C6D4009EFB54 /* EmotionDefine.swift in Sources */ = {isa = PBXBuildFile; fileRef = 78B872E02726C6D1009EFB54 /* EmotionDefine.swift */; };
		78B872E52726E420009EFB54 /* ImageRecordViewController.swift in Sources */ = {isa = PBXBuildFile; fileRef = 78B872E42726E420009EFB54 /* ImageRecordViewController.swift */; };
		78B872E82726E51C009EFB54 /* ImageRecordViewController.swift in Sources */ = {isa = PBXBuildFile; fileRef = 78B872E42726E420009EFB54 /* ImageRecordViewController.swift */; };
		78B872E92726E51C009EFB54 /* ImageRecordReactor.swift in Sources */ = {isa = PBXBuildFile; fileRef = 789E61AF27257BCB00D6E18F /* ImageRecordReactor.swift */; };
		78B872EA2726E51C009EFB54 /* ImageRecordModel.swift in Sources */ = {isa = PBXBuildFile; fileRef = 789E61B127257BD400D6E18F /* ImageRecordModel.swift */; };
		78B872EC2726F32E009EFB54 /* ContentsRecordViewController.swift in Sources */ = {isa = PBXBuildFile; fileRef = 78B872EB2726F32E009EFB54 /* ContentsRecordViewController.swift */; };
		78B872ED2726F38A009EFB54 /* ContentsRecordViewController.swift in Sources */ = {isa = PBXBuildFile; fileRef = 78B872EB2726F32E009EFB54 /* ContentsRecordViewController.swift */; };
		78BA154127218F430078B88E /* MyPageViewController.swift in Sources */ = {isa = PBXBuildFile; fileRef = 78BA154027218F430078B88E /* MyPageViewController.swift */; };
		78BA154327218F4F0078B88E /* MyPageReactor.swift in Sources */ = {isa = PBXBuildFile; fileRef = 78BA154227218F4E0078B88E /* MyPageReactor.swift */; };
		78BA15472721956A0078B88E /* MyPageFlow.swift in Sources */ = {isa = PBXBuildFile; fileRef = 78BA15462721956A0078B88E /* MyPageFlow.swift */; };
		78BA1549272197250078B88E /* MyPageModel.swift in Sources */ = {isa = PBXBuildFile; fileRef = 78BA1548272197250078B88E /* MyPageModel.swift */; };
		78C4B328272428AB0006EBAD /* MyPage.storyboard in Resources */ = {isa = PBXBuildFile; fileRef = 78C4B327272428AB0006EBAD /* MyPage.storyboard */; };
		78C4B32B272428D40006EBAD /* WithdrawalViewController.swift in Sources */ = {isa = PBXBuildFile; fileRef = 78C4B32A272428D40006EBAD /* WithdrawalViewController.swift */; };
		78C4B32D2724292D0006EBAD /* WithdrawalReactor.swift in Sources */ = {isa = PBXBuildFile; fileRef = 78C4B32C2724292D0006EBAD /* WithdrawalReactor.swift */; };
		78C4B32F272429370006EBAD /* WithdrawalModel.swift in Sources */ = {isa = PBXBuildFile; fileRef = 78C4B32E272429370006EBAD /* WithdrawalModel.swift */; };
		78C4B33027242B650006EBAD /* WithdrawalViewController.swift in Sources */ = {isa = PBXBuildFile; fileRef = 78C4B32A272428D40006EBAD /* WithdrawalViewController.swift */; };
		78C4B33127242B650006EBAD /* WithdrawalReactor.swift in Sources */ = {isa = PBXBuildFile; fileRef = 78C4B32C2724292D0006EBAD /* WithdrawalReactor.swift */; };
		78C4B33227242B650006EBAD /* WithdrawalModel.swift in Sources */ = {isa = PBXBuildFile; fileRef = 78C4B32E272429370006EBAD /* WithdrawalModel.swift */; };
		78C4B33327242EFB0006EBAD /* MyPage.storyboard in Resources */ = {isa = PBXBuildFile; fileRef = 78C4B327272428AB0006EBAD /* MyPage.storyboard */; };
		78C4B33527243C660006EBAD /* NSMutableAttributedStringExtension.swift in Sources */ = {isa = PBXBuildFile; fileRef = 78C4B33427243C660006EBAD /* NSMutableAttributedStringExtension.swift */; };
		78C4B33627243C930006EBAD /* NSMutableAttributedStringExtension.swift in Sources */ = {isa = PBXBuildFile; fileRef = 78C4B33427243C660006EBAD /* NSMutableAttributedStringExtension.swift */; };
		78C4B33827244ACC0006EBAD /* CommonAlertView.swift in Sources */ = {isa = PBXBuildFile; fileRef = 78C4B33727244ACB0006EBAD /* CommonAlertView.swift */; };
		78C4B33927244B510006EBAD /* CommonAlertView.swift in Sources */ = {isa = PBXBuildFile; fileRef = 78C4B33727244ACB0006EBAD /* CommonAlertView.swift */; };
		78C4B33B27244C000006EBAD /* UIViewExtension.swift in Sources */ = {isa = PBXBuildFile; fileRef = 78C4B33A27244C000006EBAD /* UIViewExtension.swift */; };
		78C4B33C27244C310006EBAD /* UIViewExtension.swift in Sources */ = {isa = PBXBuildFile; fileRef = 78C4B33A27244C000006EBAD /* UIViewExtension.swift */; };
		78C62C6E2729759A005BF3DE /* UIPageViewControllerExtension.swift in Sources */ = {isa = PBXBuildFile; fileRef = 78C62C6D2729759A005BF3DE /* UIPageViewControllerExtension.swift */; };
		78C62C6F2729759D005BF3DE /* UIPageViewControllerExtension.swift in Sources */ = {isa = PBXBuildFile; fileRef = 78C62C6D2729759A005BF3DE /* UIPageViewControllerExtension.swift */; };
		78D603C4270B409F00B9B033 /* HWFlipView.swift in Sources */ = {isa = PBXBuildFile; fileRef = 784D1E2027088BC0004B1A23 /* HWFlipView.swift */; };
		A95C21FD6652E13041320AF5 /* Pods_Archive.framework in Frameworks */ = {isa = PBXBuildFile; fileRef = 029C34E0C4CFA05B0DB2E343 /* Pods_Archive.framework */; };
/* End PBXBuildFile section */

/* Begin PBXFileReference section */
		029C34E0C4CFA05B0DB2E343 /* Pods_Archive.framework */ = {isa = PBXFileReference; explicitFileType = wrapper.framework; includeInIndex = 0; path = Pods_Archive.framework; sourceTree = BUILT_PRODUCTS_DIR; };
		042D77236B7F2A3971336EF8 /* Pods-Archive.debug.xcconfig */ = {isa = PBXFileReference; includeInIndex = 1; lastKnownFileType = text.xcconfig; name = "Pods-Archive.debug.xcconfig"; path = "Target Support Files/Pods-Archive/Pods-Archive.debug.xcconfig"; sourceTree = "<group>"; };
		06F06804D75A04AFC0A2BC3A /* Pods-Archive_debug.release.xcconfig */ = {isa = PBXFileReference; includeInIndex = 1; lastKnownFileType = text.xcconfig; name = "Pods-Archive_debug.release.xcconfig"; path = "Target Support Files/Pods-Archive_debug/Pods-Archive_debug.release.xcconfig"; sourceTree = "<group>"; };
		448936892708380100EA423A /* Onboarding.storyboard */ = {isa = PBXFileReference; lastKnownFileType = file.storyboard; path = Onboarding.storyboard; sourceTree = "<group>"; };
		448936A92708401500EA423A /* SignInReactor.swift */ = {isa = PBXFileReference; lastKnownFileType = sourcecode.swift; path = SignInReactor.swift; sourceTree = "<group>"; };
		44922DA02719512A00A5EA2B /* SignInViewController.swift */ = {isa = PBXFileReference; fileEncoding = 4; lastKnownFileType = sourcecode.swift; path = SignInViewController.swift; sourceTree = "<group>"; };
		44922DA62719B89200A5EA2B /* Validator.swift */ = {isa = PBXFileReference; lastKnownFileType = sourcecode.swift; path = Validator.swift; sourceTree = "<group>"; };
		44922DC42719DF3F00A5EA2B /* UIButtonExtension.swift */ = {isa = PBXFileReference; lastKnownFileType = sourcecode.swift; path = UIButtonExtension.swift; sourceTree = "<group>"; };
		44922DC92719E64200A5EA2B /* DefaultButton.swift */ = {isa = PBXFileReference; lastKnownFileType = sourcecode.swift; path = DefaultButton.swift; sourceTree = "<group>"; };
		44922DD12719FB9300A5EA2B /* InputView.swift */ = {isa = PBXFileReference; lastKnownFileType = sourcecode.swift; path = InputView.swift; sourceTree = "<group>"; };
		44AA7D882724494B006EEA98 /* ConditionCheckView.swift */ = {isa = PBXFileReference; lastKnownFileType = sourcecode.swift; path = ConditionCheckView.swift; sourceTree = "<group>"; };
		44B4F23927074C5900D53F27 /* Archive_debug.app */ = {isa = PBXFileReference; explicitFileType = wrapper.application; includeInIndex = 0; path = Archive_debug.app; sourceTree = BUILT_PRODUCTS_DIR; };
		44B4F24927074C6000D53F27 /* Info_debug.plist */ = {isa = PBXFileReference; lastKnownFileType = text.plist.xml; path = Info_debug.plist; sourceTree = "<group>"; };
		44BE6F00271144AB00E74A7D /* TermsAgreementViewController.swift */ = {isa = PBXFileReference; lastKnownFileType = sourcecode.swift; path = TermsAgreementViewController.swift; sourceTree = "<group>"; };
		44BE6F06271144BF00E74A7D /* SignUpReactor.swift */ = {isa = PBXFileReference; lastKnownFileType = sourcecode.swift; path = SignUpReactor.swift; sourceTree = "<group>"; };
		44F9B0DD270606E7005418F0 /* Archive.app */ = {isa = PBXFileReference; explicitFileType = wrapper.application; includeInIndex = 0; path = Archive.app; sourceTree = BUILT_PRODUCTS_DIR; };
		44F9B0E0270606E7005418F0 /* AppDelegate.swift */ = {isa = PBXFileReference; lastKnownFileType = sourcecode.swift; path = AppDelegate.swift; sourceTree = "<group>"; };
		44F9B0E2270606E7005418F0 /* SceneDelegate.swift */ = {isa = PBXFileReference; lastKnownFileType = sourcecode.swift; path = SceneDelegate.swift; sourceTree = "<group>"; };
		44F9B0EC270606EE005418F0 /* Base */ = {isa = PBXFileReference; lastKnownFileType = file.storyboard; name = Base; path = Base.lproj/LaunchScreen.storyboard; sourceTree = "<group>"; };
		44F9B0EE270606EE005418F0 /* Info.plist */ = {isa = PBXFileReference; lastKnownFileType = text.plist.xml; path = Info.plist; sourceTree = "<group>"; };
		44FB09FA27183269006E1048 /* ArchiveStep.swift */ = {isa = PBXFileReference; lastKnownFileType = sourcecode.swift; path = ArchiveStep.swift; sourceTree = "<group>"; };
		44FB09FE271832AD006E1048 /* AppFlow.swift */ = {isa = PBXFileReference; lastKnownFileType = sourcecode.swift; path = AppFlow.swift; sourceTree = "<group>"; };
		44FB0A08271832E9006E1048 /* OnboardingFlow.swift */ = {isa = PBXFileReference; lastKnownFileType = sourcecode.swift; path = OnboardingFlow.swift; sourceTree = "<group>"; };
		44FB0A0F27183BDA006E1048 /* EmailInputViewController.swift */ = {isa = PBXFileReference; lastKnownFileType = sourcecode.swift; path = EmailInputViewController.swift; sourceTree = "<group>"; };
		44FB0A1627183C22006E1048 /* PasswordInputViewController.swift */ = {isa = PBXFileReference; lastKnownFileType = sourcecode.swift; path = PasswordInputViewController.swift; sourceTree = "<group>"; };
		44FB0A1B27183C9C006E1048 /* SignUpCompletionViewController.swift */ = {isa = PBXFileReference; lastKnownFileType = sourcecode.swift; path = SignUpCompletionViewController.swift; sourceTree = "<group>"; };
		44FB0A2127184376006E1048 /* ReuseIdentifiable.swift */ = {isa = PBXFileReference; lastKnownFileType = sourcecode.swift; path = ReuseIdentifiable.swift; sourceTree = "<group>"; };
		44FB0A2827186E33006E1048 /* AppStepper.swift */ = {isa = PBXFileReference; lastKnownFileType = sourcecode.swift; path = AppStepper.swift; sourceTree = "<group>"; };
		4FD4F1D2272F869A00BDB4BB /* RecordCardCollectionViewCell.swift */ = {isa = PBXFileReference; lastKnownFileType = sourcecode.swift; path = RecordCardCollectionViewCell.swift; sourceTree = "<group>"; };
		4FD4F1D3272F869A00BDB4BB /* RecordCardCollectionViewCell.xib */ = {isa = PBXFileReference; lastKnownFileType = file.xib; path = RecordCardCollectionViewCell.xib; sourceTree = "<group>"; };
		4FD4F1D8272F86B800BDB4BB /* RecordImageCollectionViewCell.swift */ = {isa = PBXFileReference; lastKnownFileType = sourcecode.swift; path = RecordImageCollectionViewCell.swift; sourceTree = "<group>"; };
		4FD4F1D9272F86B800BDB4BB /* RecordImageCollectionViewCell.xib */ = {isa = PBXFileReference; lastKnownFileType = file.xib; path = RecordImageCollectionViewCell.xib; sourceTree = "<group>"; };
		53EB9EAFE492E4886567AE92 /* Pods_Archive_debug.framework */ = {isa = PBXFileReference; explicitFileType = wrapper.framework; includeInIndex = 0; path = Pods_Archive_debug.framework; sourceTree = BUILT_PRODUCTS_DIR; };
		72C4423C0F1934D8C0AFE14D /* Pods-Archive.release.xcconfig */ = {isa = PBXFileReference; includeInIndex = 1; lastKnownFileType = text.xcconfig; name = "Pods-Archive.release.xcconfig"; path = "Target Support Files/Pods-Archive/Pods-Archive.release.xcconfig"; sourceTree = "<group>"; };
		7804781F2723E83100FAA1CF /* LoginInformationViewController.swift */ = {isa = PBXFileReference; lastKnownFileType = sourcecode.swift; path = LoginInformationViewController.swift; sourceTree = "<group>"; };
		780478212723E83F00FAA1CF /* LoginInformationReactor.swift */ = {isa = PBXFileReference; lastKnownFileType = sourcecode.swift; path = LoginInformationReactor.swift; sourceTree = "<group>"; };
		780478232723E84900FAA1CF /* LoginInformationModel.swift */ = {isa = PBXFileReference; lastKnownFileType = sourcecode.swift; path = LoginInformationModel.swift; sourceTree = "<group>"; };
		780478252723EA0300FAA1CF /* LoginDefine.swift */ = {isa = PBXFileReference; lastKnownFileType = sourcecode.swift; path = LoginDefine.swift; sourceTree = "<group>"; };
		782FDF3A272CF9B6004D1B6E /* ImageSelectViewController.swift */ = {isa = PBXFileReference; lastKnownFileType = sourcecode.swift; path = ImageSelectViewController.swift; sourceTree = "<group>"; };
		782FDF3C272CF9C3004D1B6E /* ImageSelectReactor.swift */ = {isa = PBXFileReference; lastKnownFileType = sourcecode.swift; path = ImageSelectReactor.swift; sourceTree = "<group>"; };
		782FDF3E272CF9CC004D1B6E /* ImageSelectModel.swift */ = {isa = PBXFileReference; lastKnownFileType = sourcecode.swift; path = ImageSelectModel.swift; sourceTree = "<group>"; };
		782FDF45272CFB6E004D1B6E /* PhotoFromAlbumCell.xib */ = {isa = PBXFileReference; fileEncoding = 4; lastKnownFileType = file.xib; path = PhotoFromAlbumCell.xib; sourceTree = "<group>"; };
		782FDF46272CFB6E004D1B6E /* PhotoFromAlbumCell.swift */ = {isa = PBXFileReference; fileEncoding = 4; lastKnownFileType = sourcecode.swift; path = PhotoFromAlbumCell.swift; sourceTree = "<group>"; };
		782FDF47272CFB6E004D1B6E /* HWPhotoListFromAlbumView.xib */ = {isa = PBXFileReference; fileEncoding = 4; lastKnownFileType = file.xib; path = HWPhotoListFromAlbumView.xib; sourceTree = "<group>"; };
		782FDF49272CFB6E004D1B6E /* PhotoFromAlbumModel.swift */ = {isa = PBXFileReference; fileEncoding = 4; lastKnownFileType = sourcecode.swift; path = PhotoFromAlbumModel.swift; sourceTree = "<group>"; };
		782FDF4A272CFB6E004D1B6E /* HWPhotoListFromAlbumView.swift */ = {isa = PBXFileReference; fileEncoding = 4; lastKnownFileType = sourcecode.swift; path = HWPhotoListFromAlbumView.swift; sourceTree = "<group>"; };
		782FDF55272D1D70004D1B6E /* ActivityIndicatorable.swift */ = {isa = PBXFileReference; lastKnownFileType = sourcecode.swift; path = ActivityIndicatorable.swift; sourceTree = "<group>"; };
		783A61DE273BEB02004D848F /* InstagramStoryShareManager.swift */ = {isa = PBXFileReference; lastKnownFileType = sourcecode.swift; path = InstagramStoryShareManager.swift; sourceTree = "<group>"; };
		783A61E1273BEE9F004D848F /* TopConerRadiusView.swift */ = {isa = PBXFileReference; lastKnownFileType = sourcecode.swift; path = TopConerRadiusView.swift; sourceTree = "<group>"; };
		784377AC273172820005CB51 /* RecordAddImageCollectionViewCell.swift */ = {isa = PBXFileReference; lastKnownFileType = sourcecode.swift; path = RecordAddImageCollectionViewCell.swift; sourceTree = "<group>"; };
		784377AD273172820005CB51 /* RecordAddImageCollectionViewCell.xib */ = {isa = PBXFileReference; lastKnownFileType = file.xib; path = RecordAddImageCollectionViewCell.xib; sourceTree = "<group>"; };
		78458D29272C18BB00392B45 /* Util.swift */ = {isa = PBXFileReference; fileEncoding = 4; lastKnownFileType = sourcecode.swift; path = Util.swift; sourceTree = "<group>"; };
		784D1DC727083D88004B1A23 /* Colors.xcassets */ = {isa = PBXFileReference; lastKnownFileType = folder.assetcatalog; path = Colors.xcassets; sourceTree = "<group>"; };
		784D1DC827083D88004B1A23 /* Images.xcassets */ = {isa = PBXFileReference; lastKnownFileType = folder.assetcatalog; path = Images.xcassets; sourceTree = "<group>"; };
		784D1DD0270841B9004B1A23 /* .swiftlint.yml */ = {isa = PBXFileReference; lastKnownFileType = text.yaml; path = .swiftlint.yml; sourceTree = "<group>"; };
		784D1DD727084869004B1A23 /* swiftgen.yml */ = {isa = PBXFileReference; lastKnownFileType = text.yaml; path = swiftgen.yml; sourceTree = "<group>"; };
		784D1E2027088BC0004B1A23 /* HWFlipView.swift */ = {isa = PBXFileReference; fileEncoding = 4; lastKnownFileType = sourcecode.swift; path = HWFlipView.swift; sourceTree = "<group>"; };
		784D1E3427088EC7004B1A23 /* Assets.swift */ = {isa = PBXFileReference; fileEncoding = 4; lastKnownFileType = sourcecode.swift; path = Assets.swift; sourceTree = "<group>"; };
		78557A29272ECFC800C5BD62 /* UIDeviceExtension.swift */ = {isa = PBXFileReference; lastKnownFileType = sourcecode.swift; path = UIDeviceExtension.swift; sourceTree = "<group>"; };
		785F5E42273018BC00ACC7BA /* UIImageViewExtension.swift */ = {isa = PBXFileReference; lastKnownFileType = sourcecode.swift; path = UIImageViewExtension.swift; sourceTree = "<group>"; };
		7877699E273AA98100519B58 /* PhotoContentsView.swift */ = {isa = PBXFileReference; fileEncoding = 4; lastKnownFileType = sourcecode.swift; path = PhotoContentsView.swift; sourceTree = "<group>"; };
		7877699F273AA98100519B58 /* PhotoContentsView.xib */ = {isa = PBXFileReference; fileEncoding = 4; lastKnownFileType = file.xib; path = PhotoContentsView.xib; sourceTree = "<group>"; };
		78958E0927129FBB003FF724 /* Pretendard-Medium.ttf */ = {isa = PBXFileReference; lastKnownFileType = file; path = "Pretendard-Medium.ttf"; sourceTree = "<group>"; };
		78958E0A27129FBB003FF724 /* Pretendard-Regular.ttf */ = {isa = PBXFileReference; lastKnownFileType = file; path = "Pretendard-Regular.ttf"; sourceTree = "<group>"; };
		78958E0B27129FBB003FF724 /* Pretendard-Bold.ttf */ = {isa = PBXFileReference; lastKnownFileType = file; path = "Pretendard-Bold.ttf"; sourceTree = "<group>"; };
		78958E102712A04B003FF724 /* FontDefine.swift */ = {isa = PBXFileReference; lastKnownFileType = sourcecode.swift; path = FontDefine.swift; sourceTree = "<group>"; };
		78958E132712A0C5003FF724 /* UIFontExtension.swift */ = {isa = PBXFileReference; lastKnownFileType = sourcecode.swift; path = UIFontExtension.swift; sourceTree = "<group>"; };
		789E6196272554F300D6E18F /* Record.storyboard */ = {isa = PBXFileReference; lastKnownFileType = file.storyboard; path = Record.storyboard; sourceTree = "<group>"; };
		789E61982725550A00D6E18F /* RecordViewController.swift */ = {isa = PBXFileReference; lastKnownFileType = sourcecode.swift; path = RecordViewController.swift; sourceTree = "<group>"; };
		789E619A2725551400D6E18F /* RecordReactor.swift */ = {isa = PBXFileReference; lastKnownFileType = sourcecode.swift; path = RecordReactor.swift; sourceTree = "<group>"; };
		789E619C2725551C00D6E18F /* RecordModel.swift */ = {isa = PBXFileReference; lastKnownFileType = sourcecode.swift; path = RecordModel.swift; sourceTree = "<group>"; };
		789E61A627255F8500D6E18F /* RecordFlow.swift */ = {isa = PBXFileReference; lastKnownFileType = sourcecode.swift; path = RecordFlow.swift; sourceTree = "<group>"; };
		789E61AF27257BCB00D6E18F /* ImageRecordReactor.swift */ = {isa = PBXFileReference; lastKnownFileType = sourcecode.swift; path = ImageRecordReactor.swift; sourceTree = "<group>"; };
		789E61B127257BD400D6E18F /* ImageRecordModel.swift */ = {isa = PBXFileReference; lastKnownFileType = sourcecode.swift; path = ImageRecordModel.swift; sourceTree = "<group>"; };
		789E61B82725817900D6E18F /* NibIdentifiable.swift */ = {isa = PBXFileReference; lastKnownFileType = sourcecode.swift; path = NibIdentifiable.swift; sourceTree = "<group>"; };
		789E61BB2725847B00D6E18F /* ClassIdentifiable.swift */ = {isa = PBXFileReference; lastKnownFileType = sourcecode.swift; path = ClassIdentifiable.swift; sourceTree = "<group>"; };
		789E61C4272584ED00D6E18F /* ContentsRecordReactor.swift */ = {isa = PBXFileReference; lastKnownFileType = sourcecode.swift; path = ContentsRecordReactor.swift; sourceTree = "<group>"; };
		789E61C6272584FC00D6E18F /* ContentsRecordModel.swift */ = {isa = PBXFileReference; lastKnownFileType = sourcecode.swift; path = ContentsRecordModel.swift; sourceTree = "<group>"; };
		78B872D72726C54C009EFB54 /* EmotionSelectModel.swift */ = {isa = PBXFileReference; fileEncoding = 4; lastKnownFileType = sourcecode.swift; path = EmotionSelectModel.swift; sourceTree = "<group>"; };
		78B872D82726C54C009EFB54 /* EmotionSelectReactor.swift */ = {isa = PBXFileReference; fileEncoding = 4; lastKnownFileType = sourcecode.swift; path = EmotionSelectReactor.swift; sourceTree = "<group>"; };
		78B872D92726C54C009EFB54 /* EmotionSelectViewController.swift */ = {isa = PBXFileReference; fileEncoding = 4; lastKnownFileType = sourcecode.swift; path = EmotionSelectViewController.swift; sourceTree = "<group>"; };
		78B872E02726C6D1009EFB54 /* EmotionDefine.swift */ = {isa = PBXFileReference; fileEncoding = 4; lastKnownFileType = sourcecode.swift; path = EmotionDefine.swift; sourceTree = "<group>"; };
		78B872E42726E420009EFB54 /* ImageRecordViewController.swift */ = {isa = PBXFileReference; lastKnownFileType = sourcecode.swift; path = ImageRecordViewController.swift; sourceTree = "<group>"; };
		78B872EB2726F32E009EFB54 /* ContentsRecordViewController.swift */ = {isa = PBXFileReference; lastKnownFileType = sourcecode.swift; path = ContentsRecordViewController.swift; sourceTree = "<group>"; };
		78BA154027218F430078B88E /* MyPageViewController.swift */ = {isa = PBXFileReference; lastKnownFileType = sourcecode.swift; path = MyPageViewController.swift; sourceTree = "<group>"; };
		78BA154227218F4E0078B88E /* MyPageReactor.swift */ = {isa = PBXFileReference; lastKnownFileType = sourcecode.swift; path = MyPageReactor.swift; sourceTree = "<group>"; };
		78BA15462721956A0078B88E /* MyPageFlow.swift */ = {isa = PBXFileReference; lastKnownFileType = sourcecode.swift; path = MyPageFlow.swift; sourceTree = "<group>"; };
		78BA1548272197250078B88E /* MyPageModel.swift */ = {isa = PBXFileReference; lastKnownFileType = sourcecode.swift; path = MyPageModel.swift; sourceTree = "<group>"; };
		78C4B327272428AB0006EBAD /* MyPage.storyboard */ = {isa = PBXFileReference; fileEncoding = 4; lastKnownFileType = file.storyboard; path = MyPage.storyboard; sourceTree = "<group>"; };
		78C4B32A272428D40006EBAD /* WithdrawalViewController.swift */ = {isa = PBXFileReference; lastKnownFileType = sourcecode.swift; path = WithdrawalViewController.swift; sourceTree = "<group>"; };
		78C4B32C2724292D0006EBAD /* WithdrawalReactor.swift */ = {isa = PBXFileReference; lastKnownFileType = sourcecode.swift; path = WithdrawalReactor.swift; sourceTree = "<group>"; };
		78C4B32E272429370006EBAD /* WithdrawalModel.swift */ = {isa = PBXFileReference; lastKnownFileType = sourcecode.swift; path = WithdrawalModel.swift; sourceTree = "<group>"; };
		78C4B33427243C660006EBAD /* NSMutableAttributedStringExtension.swift */ = {isa = PBXFileReference; lastKnownFileType = sourcecode.swift; path = NSMutableAttributedStringExtension.swift; sourceTree = "<group>"; };
		78C4B33727244ACB0006EBAD /* CommonAlertView.swift */ = {isa = PBXFileReference; fileEncoding = 4; lastKnownFileType = sourcecode.swift; path = CommonAlertView.swift; sourceTree = "<group>"; };
		78C4B33A27244C000006EBAD /* UIViewExtension.swift */ = {isa = PBXFileReference; lastKnownFileType = sourcecode.swift; path = UIViewExtension.swift; sourceTree = "<group>"; };
		78C62C6D2729759A005BF3DE /* UIPageViewControllerExtension.swift */ = {isa = PBXFileReference; lastKnownFileType = sourcecode.swift; path = UIPageViewControllerExtension.swift; sourceTree = "<group>"; };
		FA175B2EB22AA1439476C6F2 /* Pods-Archive_debug.debug.xcconfig */ = {isa = PBXFileReference; includeInIndex = 1; lastKnownFileType = text.xcconfig; name = "Pods-Archive_debug.debug.xcconfig"; path = "Target Support Files/Pods-Archive_debug/Pods-Archive_debug.debug.xcconfig"; sourceTree = "<group>"; };
/* End PBXFileReference section */

/* Begin PBXFrameworksBuildPhase section */
		44B4F23627074C5900D53F27 /* Frameworks */ = {
			isa = PBXFrameworksBuildPhase;
			buildActionMask = 2147483647;
			files = (
				565A35543932E4595BE1DD5A /* Pods_Archive_debug.framework in Frameworks */,
			);
			runOnlyForDeploymentPostprocessing = 0;
		};
		44F9B0DA270606E7005418F0 /* Frameworks */ = {
			isa = PBXFrameworksBuildPhase;
			buildActionMask = 2147483647;
			files = (
				A95C21FD6652E13041320AF5 /* Pods_Archive.framework in Frameworks */,
			);
			runOnlyForDeploymentPostprocessing = 0;
		};
/* End PBXFrameworksBuildPhase section */

/* Begin PBXGroup section */
		44893688270837EB00EA423A /* Onboarding */ = {
			isa = PBXGroup;
			children = (
				448936892708380100EA423A /* Onboarding.storyboard */,
				44922DCE2719F2B000A5EA2B /* Model */,
				44BE6EFB2711445D00E74A7D /* SignIn */,
				44BE6EFA2711443800E74A7D /* SignUp */,
			);
			path = Onboarding;
			sourceTree = "<group>";
		};
		44922DCE2719F2B000A5EA2B /* Model */ = {
			isa = PBXGroup;
			children = (
				44922DA62719B89200A5EA2B /* Validator.swift */,
			);
			path = Model;
			sourceTree = "<group>";
		};
		44922DE7271A010600A5EA2B /* View */ = {
			isa = PBXGroup;
			children = (
				44922DC92719E64200A5EA2B /* DefaultButton.swift */,
				44922DD12719FB9300A5EA2B /* InputView.swift */,
				44AA7D882724494B006EEA98 /* ConditionCheckView.swift */,
			);
			path = View;
			sourceTree = "<group>";
		};
		44922DEA271A011000A5EA2B /* Protocol */ = {
			isa = PBXGroup;
			children = (
				44FB0A2127184376006E1048 /* ReuseIdentifiable.swift */,
			);
			path = Protocol;
			sourceTree = "<group>";
		};
		44BE6EFA2711443800E74A7D /* SignUp */ = {
			isa = PBXGroup;
			children = (
				44BE6F00271144AB00E74A7D /* TermsAgreementViewController.swift */,
				44BE6F06271144BF00E74A7D /* SignUpReactor.swift */,
				44FB0A0F27183BDA006E1048 /* EmailInputViewController.swift */,
				44FB0A1627183C22006E1048 /* PasswordInputViewController.swift */,
				44FB0A1B27183C9C006E1048 /* SignUpCompletionViewController.swift */,
			);
			path = SignUp;
			sourceTree = "<group>";
		};
		44BE6EFB2711445D00E74A7D /* SignIn */ = {
			isa = PBXGroup;
			children = (
				448936A92708401500EA423A /* SignInReactor.swift */,
				44922DA02719512A00A5EA2B /* SignInViewController.swift */,
			);
			path = SignIn;
			sourceTree = "<group>";
		};
		44F9B0D4270606E7005418F0 = {
			isa = PBXGroup;
			children = (
				784D1DD727084869004B1A23 /* swiftgen.yml */,
				784D1DD0270841B9004B1A23 /* .swiftlint.yml */,
				44F9B0DF270606E7005418F0 /* Archive */,
				44F9B0DE270606E7005418F0 /* Products */,
				7A78CD9881593A0B9DDBF955 /* Pods */,
				6C8D213EC30F9EFB9014CEF0 /* Frameworks */,
			);
			sourceTree = "<group>";
		};
		44F9B0DE270606E7005418F0 /* Products */ = {
			isa = PBXGroup;
			children = (
				44F9B0DD270606E7005418F0 /* Archive.app */,
				44B4F23927074C5900D53F27 /* Archive_debug.app */,
			);
			name = Products;
			sourceTree = "<group>";
		};
		44F9B0DF270606E7005418F0 /* Archive */ = {
			isa = PBXGroup;
			children = (
				44FB0A20271842FA006E1048 /* Common */,
				44FB09EF27182963006E1048 /* Flows */,
				78958E122712A094003FF724 /* Extension */,
				78958E0F2712A03C003FF724 /* Define */,
				783A61DD273BEAE3004D848F /* Manager */,
				784D1E1E27088BB0004B1A23 /* Module */,
				784D1DBD27083D1C004B1A23 /* Resources */,
				44893688270837EB00EA423A /* Onboarding */,
				78BA153D27218F100078B88E /* MyPage */,
				789E6195272554E400D6E18F /* Record */,
				44F9B0E0270606E7005418F0 /* AppDelegate.swift */,
				44F9B0E2270606E7005418F0 /* SceneDelegate.swift */,
				44F9B0EB270606EE005418F0 /* LaunchScreen.storyboard */,
				44F9B0EE270606EE005418F0 /* Info.plist */,
				44B4F24927074C6000D53F27 /* Info_debug.plist */,
			);
			path = Archive;
			sourceTree = "<group>";
		};
		44FB09EF27182963006E1048 /* Flows */ = {
			isa = PBXGroup;
			children = (
				44FB09FA27183269006E1048 /* ArchiveStep.swift */,
				44FB09FE271832AD006E1048 /* AppFlow.swift */,
				44FB0A2827186E33006E1048 /* AppStepper.swift */,
				44FB0A08271832E9006E1048 /* OnboardingFlow.swift */,
				78BA15462721956A0078B88E /* MyPageFlow.swift */,
				789E61A627255F8500D6E18F /* RecordFlow.swift */,
			);
			path = Flows;
			sourceTree = "<group>";
		};
		44FB0A20271842FA006E1048 /* Common */ = {
			isa = PBXGroup;
			children = (
				44922DEA271A011000A5EA2B /* Protocol */,
				44922DE7271A010600A5EA2B /* View */,
			);
			path = Common;
			sourceTree = "<group>";
		};
		4FD4F1D1272F85D900BDB4BB /* CardCell */ = {
			isa = PBXGroup;
			children = (
				4FD4F1D2272F869A00BDB4BB /* RecordCardCollectionViewCell.swift */,
				4FD4F1D3272F869A00BDB4BB /* RecordCardCollectionViewCell.xib */,
				4FD4F1D8272F86B800BDB4BB /* RecordImageCollectionViewCell.swift */,
				4FD4F1D9272F86B800BDB4BB /* RecordImageCollectionViewCell.xib */,
				784377AC273172820005CB51 /* RecordAddImageCollectionViewCell.swift */,
				784377AD273172820005CB51 /* RecordAddImageCollectionViewCell.xib */,
			);
			path = CardCell;
			sourceTree = "<group>";
		};
		6C8D213EC30F9EFB9014CEF0 /* Frameworks */ = {
			isa = PBXGroup;
			children = (
				029C34E0C4CFA05B0DB2E343 /* Pods_Archive.framework */,
				53EB9EAFE492E4886567AE92 /* Pods_Archive_debug.framework */,
			);
			name = Frameworks;
			sourceTree = "<group>";
		};
		780478152723E79500FAA1CF /* Sub */ = {
			isa = PBXGroup;
			children = (
				780478182723E7E400FAA1CF /* LoginInformation */,
				78C4B329272428B40006EBAD /* Withdrawal */,
			);
			path = Sub;
			sourceTree = "<group>";
		};
		780478182723E7E400FAA1CF /* LoginInformation */ = {
			isa = PBXGroup;
			children = (
				7804781F2723E83100FAA1CF /* LoginInformationViewController.swift */,
				780478212723E83F00FAA1CF /* LoginInformationReactor.swift */,
				780478232723E84900FAA1CF /* LoginInformationModel.swift */,
			);
			path = LoginInformation;
			sourceTree = "<group>";
		};
		782FDF39272CF9A3004D1B6E /* ImageSelect */ = {
			isa = PBXGroup;
			children = (
				782FDF43272CFB6E004D1B6E /* Sub */,
				782FDF3A272CF9B6004D1B6E /* ImageSelectViewController.swift */,
				782FDF3C272CF9C3004D1B6E /* ImageSelectReactor.swift */,
				782FDF3E272CF9CC004D1B6E /* ImageSelectModel.swift */,
			);
			path = ImageSelect;
			sourceTree = "<group>";
		};
		782FDF43272CFB6E004D1B6E /* Sub */ = {
			isa = PBXGroup;
			children = (
				782FDF48272CFB6E004D1B6E /* Model */,
				782FDF44272CFB6E004D1B6E /* Cells */,
				782FDF47272CFB6E004D1B6E /* HWPhotoListFromAlbumView.xib */,
				782FDF4A272CFB6E004D1B6E /* HWPhotoListFromAlbumView.swift */,
			);
			path = Sub;
			sourceTree = "<group>";
		};
		782FDF44272CFB6E004D1B6E /* Cells */ = {
			isa = PBXGroup;
			children = (
				782FDF45272CFB6E004D1B6E /* PhotoFromAlbumCell.xib */,
				782FDF46272CFB6E004D1B6E /* PhotoFromAlbumCell.swift */,
			);
			path = Cells;
			sourceTree = "<group>";
		};
		782FDF48272CFB6E004D1B6E /* Model */ = {
			isa = PBXGroup;
			children = (
				782FDF49272CFB6E004D1B6E /* PhotoFromAlbumModel.swift */,
			);
			path = Model;
			sourceTree = "<group>";
		};
		783A61DD273BEAE3004D848F /* Manager */ = {
			isa = PBXGroup;
			children = (
				783A61DE273BEB02004D848F /* InstagramStoryShareManager.swift */,
			);
			path = Manager;
			sourceTree = "<group>";
		};
		784D1DBD27083D1C004B1A23 /* Resources */ = {
			isa = PBXGroup;
			children = (
				78958E0827129FA6003FF724 /* Font */,
				784D1E3427088EC7004B1A23 /* Assets.swift */,
				784D1DC627083D88004B1A23 /* Assets */,
			);
			path = Resources;
			sourceTree = "<group>";
		};
		784D1DC627083D88004B1A23 /* Assets */ = {
			isa = PBXGroup;
			children = (
				784D1DC727083D88004B1A23 /* Colors.xcassets */,
				784D1DC827083D88004B1A23 /* Images.xcassets */,
			);
			path = Assets;
			sourceTree = "<group>";
		};
		784D1E1E27088BB0004B1A23 /* Module */ = {
			isa = PBXGroup;
			children = (
				784D1E1F27088BB0004B1A23 /* UI */,
				789E61B82725817900D6E18F /* NibIdentifiable.swift */,
				789E61BB2725847B00D6E18F /* ClassIdentifiable.swift */,
				78458D29272C18BB00392B45 /* Util.swift */,
			);
			path = Module;
			sourceTree = "<group>";
		};
		784D1E1F27088BB0004B1A23 /* UI */ = {
			isa = PBXGroup;
			children = (
				78C4B33727244ACB0006EBAD /* CommonAlertView.swift */,
				784D1E2027088BC0004B1A23 /* HWFlipView.swift */,
				782FDF55272D1D70004D1B6E /* ActivityIndicatorable.swift */,
				783A61E1273BEE9F004D848F /* TopConerRadiusView.swift */,
			);
			path = UI;
			sourceTree = "<group>";
		};
		7877699D273AA98100519B58 /* Sub */ = {
			isa = PBXGroup;
			children = (
				7877699E273AA98100519B58 /* PhotoContentsView.swift */,
				7877699F273AA98100519B58 /* PhotoContentsView.xib */,
			);
			path = Sub;
			sourceTree = "<group>";
		};
		78958E0827129FA6003FF724 /* Font */ = {
			isa = PBXGroup;
			children = (
				78958E0B27129FBB003FF724 /* Pretendard-Bold.ttf */,
				78958E0927129FBB003FF724 /* Pretendard-Medium.ttf */,
				78958E0A27129FBB003FF724 /* Pretendard-Regular.ttf */,
			);
			path = Font;
			sourceTree = "<group>";
		};
		78958E0F2712A03C003FF724 /* Define */ = {
			isa = PBXGroup;
			children = (
				78B872E02726C6D1009EFB54 /* EmotionDefine.swift */,
				78958E102712A04B003FF724 /* FontDefine.swift */,
				780478252723EA0300FAA1CF /* LoginDefine.swift */,
			);
			path = Define;
			sourceTree = "<group>";
		};
		78958E122712A094003FF724 /* Extension */ = {
			isa = PBXGroup;
			children = (
				78958E132712A0C5003FF724 /* UIFontExtension.swift */,
				44922DC42719DF3F00A5EA2B /* UIButtonExtension.swift */,
				78C4B33427243C660006EBAD /* NSMutableAttributedStringExtension.swift */,
				78C4B33A27244C000006EBAD /* UIViewExtension.swift */,
				78C62C6D2729759A005BF3DE /* UIPageViewControllerExtension.swift */,
				78557A29272ECFC800C5BD62 /* UIDeviceExtension.swift */,
				785F5E42273018BC00ACC7BA /* UIImageViewExtension.swift */,
			);
			path = Extension;
			sourceTree = "<group>";
		};
		789E6195272554E400D6E18F /* Record */ = {
			isa = PBXGroup;
			children = (
				789E6196272554F300D6E18F /* Record.storyboard */,
				789E619E2725552B00D6E18F /* Sub */,
				789E61982725550A00D6E18F /* RecordViewController.swift */,
				789E619A2725551400D6E18F /* RecordReactor.swift */,
				789E619C2725551C00D6E18F /* RecordModel.swift */,
			);
			path = Record;
			sourceTree = "<group>";
		};
		789E619E2725552B00D6E18F /* Sub */ = {
			isa = PBXGroup;
			children = (
				4FD4F1D1272F85D900BDB4BB /* CardCell */,
				789E61A027255D8300D6E18F /* ImageRecord */,
				789E619F27255D8300D6E18F /* ContentsRecord */,
				789E61A127255D8300D6E18F /* Etc */,
			);
			path = Sub;
			sourceTree = "<group>";
		};
		789E619F27255D8300D6E18F /* ContentsRecord */ = {
			isa = PBXGroup;
			children = (
				78B872EB2726F32E009EFB54 /* ContentsRecordViewController.swift */,
				789E61C4272584ED00D6E18F /* ContentsRecordReactor.swift */,
				789E61C6272584FC00D6E18F /* ContentsRecordModel.swift */,
			);
			path = ContentsRecord;
			sourceTree = "<group>";
		};
		789E61A027255D8300D6E18F /* ImageRecord */ = {
			isa = PBXGroup;
			children = (
				7877699D273AA98100519B58 /* Sub */,
				78B872E42726E420009EFB54 /* ImageRecordViewController.swift */,
				789E61AF27257BCB00D6E18F /* ImageRecordReactor.swift */,
				789E61B127257BD400D6E18F /* ImageRecordModel.swift */,
			);
			path = ImageRecord;
			sourceTree = "<group>";
		};
		789E61A127255D8300D6E18F /* Etc */ = {
			isa = PBXGroup;
			children = (
				78B872D62726C54C009EFB54 /* EmotionSelect */,
				782FDF39272CF9A3004D1B6E /* ImageSelect */,
			);
			path = Etc;
			sourceTree = "<group>";
		};
		78B872D62726C54C009EFB54 /* EmotionSelect */ = {
			isa = PBXGroup;
			children = (
				78B872D92726C54C009EFB54 /* EmotionSelectViewController.swift */,
				78B872D82726C54C009EFB54 /* EmotionSelectReactor.swift */,
				78B872D72726C54C009EFB54 /* EmotionSelectModel.swift */,
			);
			path = EmotionSelect;
			sourceTree = "<group>";
		};
		78BA153D27218F100078B88E /* MyPage */ = {
			isa = PBXGroup;
			children = (
				78C4B327272428AB0006EBAD /* MyPage.storyboard */,
				780478152723E79500FAA1CF /* Sub */,
				78BA154027218F430078B88E /* MyPageViewController.swift */,
				78BA154227218F4E0078B88E /* MyPageReactor.swift */,
				78BA1548272197250078B88E /* MyPageModel.swift */,
			);
			path = MyPage;
			sourceTree = "<group>";
		};
		78C4B329272428B40006EBAD /* Withdrawal */ = {
			isa = PBXGroup;
			children = (
				78C4B32A272428D40006EBAD /* WithdrawalViewController.swift */,
				78C4B32C2724292D0006EBAD /* WithdrawalReactor.swift */,
				78C4B32E272429370006EBAD /* WithdrawalModel.swift */,
			);
			path = Withdrawal;
			sourceTree = "<group>";
		};
		7A78CD9881593A0B9DDBF955 /* Pods */ = {
			isa = PBXGroup;
			children = (
				042D77236B7F2A3971336EF8 /* Pods-Archive.debug.xcconfig */,
				72C4423C0F1934D8C0AFE14D /* Pods-Archive.release.xcconfig */,
				FA175B2EB22AA1439476C6F2 /* Pods-Archive_debug.debug.xcconfig */,
				06F06804D75A04AFC0A2BC3A /* Pods-Archive_debug.release.xcconfig */,
			);
			path = Pods;
			sourceTree = "<group>";
		};
/* End PBXGroup section */

/* Begin PBXNativeTarget section */
		44B4F23827074C5900D53F27 /* Archive_debug */ = {
			isa = PBXNativeTarget;
			buildConfigurationList = 44B4F24A27074C6000D53F27 /* Build configuration list for PBXNativeTarget "Archive_debug" */;
			buildPhases = (
				9734DE066DDB6101008DB118 /* [CP] Check Pods Manifest.lock */,
				44B4F23527074C5900D53F27 /* Sources */,
				44B4F23627074C5900D53F27 /* Frameworks */,
				44B4F23727074C5900D53F27 /* Resources */,
				12A4B05383F7DDEAEE3F8507 /* [CP] Embed Pods Frameworks */,
				784D1DD627084789004B1A23 /* Lint */,
				784D1DEB27084924004B1A23 /* Gen */,
			);
			buildRules = (
			);
			dependencies = (
			);
			name = Archive_debug;
			productName = Archive_debug;
			productReference = 44B4F23927074C5900D53F27 /* Archive_debug.app */;
			productType = "com.apple.product-type.application";
		};
		44F9B0DC270606E7005418F0 /* Archive */ = {
			isa = PBXNativeTarget;
			buildConfigurationList = 44F9B0F1270606EE005418F0 /* Build configuration list for PBXNativeTarget "Archive" */;
			buildPhases = (
				0E3F08398E39A88DA3820B45 /* [CP] Check Pods Manifest.lock */,
				44F9B0D9270606E7005418F0 /* Sources */,
				44F9B0DA270606E7005418F0 /* Frameworks */,
				44F9B0DB270606E7005418F0 /* Resources */,
				D66E2DBAF1C05AE16297D93D /* [CP] Embed Pods Frameworks */,
			);
			buildRules = (
			);
			dependencies = (
			);
			name = Archive;
			productName = Archive;
			productReference = 44F9B0DD270606E7005418F0 /* Archive.app */;
			productType = "com.apple.product-type.application";
		};
/* End PBXNativeTarget section */

/* Begin PBXProject section */
		44F9B0D5270606E7005418F0 /* Project object */ = {
			isa = PBXProject;
			attributes = {
				LastSwiftUpdateCheck = 1240;
				LastUpgradeCheck = 1240;
				TargetAttributes = {
					44B4F23827074C5900D53F27 = {
						CreatedOnToolsVersion = 12.4;
					};
					44F9B0DC270606E7005418F0 = {
						CreatedOnToolsVersion = 12.4;
					};
				};
			};
			buildConfigurationList = 44F9B0D8270606E7005418F0 /* Build configuration list for PBXProject "Archive" */;
			compatibilityVersion = "Xcode 9.3";
			developmentRegion = en;
			hasScannedForEncodings = 0;
			knownRegions = (
				en,
				Base,
				de,
				ar,
				"zh-Hans",
				ja,
				fa,
				es,
				it,
				sk,
				ms,
				cs,
				ko,
				"zh-Hant",
				"fa-IR",
				hu,
				"da-DK",
				tr,
				pl,
				"pt-BR",
				vi,
				ru,
				fr,
				fi,
				id,
				nl,
				pt,
				ro,
				ca,
			);
			mainGroup = 44F9B0D4270606E7005418F0;
			productRefGroup = 44F9B0DE270606E7005418F0 /* Products */;
			projectDirPath = "";
			projectRoot = "";
			targets = (
				44F9B0DC270606E7005418F0 /* Archive */,
				44B4F23827074C5900D53F27 /* Archive_debug */,
			);
		};
/* End PBXProject section */

/* Begin PBXResourcesBuildPhase section */
		44B4F23727074C5900D53F27 /* Resources */ = {
			isa = PBXResourcesBuildPhase;
			buildActionMask = 2147483647;
			files = (
				784D1DD2270841CF004B1A23 /* .swiftlint.yml in Resources */,
				784377B1273173B60005CB51 /* RecordAddImageCollectionViewCell.xib in Resources */,
				44922DC12719CE9100A5EA2B /* Images.xcassets in Resources */,
				78958E182712A510003FF724 /* Pretendard-Bold.ttf in Resources */,
				78958E192712A510003FF724 /* Pretendard-Medium.ttf in Resources */,
				78C4B33327242EFB0006EBAD /* MyPage.storyboard in Resources */,
				44B4F2E42707560800D53F27 /* LaunchScreen.storyboard in Resources */,
				78958E172712A510003FF724 /* Pretendard-Regular.ttf in Resources */,
				4FD4F1DF272F870D00BDB4BB /* RecordImageCollectionViewCell.xib in Resources */,
				787769A3273AA99000519B58 /* PhotoContentsView.xib in Resources */,
				4FD4F1DC272F870D00BDB4BB /* RecordCardCollectionViewCell.xib in Resources */,
				448936AE2708415500EA423A /* Onboarding.storyboard in Resources */,
				44922DBE2719CC5700A5EA2B /* Colors.xcassets in Resources */,
				782FDF51272CFC1C004D1B6E /* HWPhotoListFromAlbumView.xib in Resources */,
				782FDF52272CFC1C004D1B6E /* PhotoFromAlbumCell.xib in Resources */,
				789E61AE2725777700D6E18F /* Record.storyboard in Resources */,
			);
			runOnlyForDeploymentPostprocessing = 0;
		};
		44F9B0DB270606E7005418F0 /* Resources */ = {
			isa = PBXResourcesBuildPhase;
			buildActionMask = 2147483647;
			files = (
				784D1DC927083D88004B1A23 /* Colors.xcassets in Resources */,
				784377AF273172820005CB51 /* RecordAddImageCollectionViewCell.xib in Resources */,
				78958E0D27129FBB003FF724 /* Pretendard-Regular.ttf in Resources */,
				784D1DD827084869004B1A23 /* swiftgen.yml in Resources */,
				78958E0C27129FBB003FF724 /* Pretendard-Medium.ttf in Resources */,
				78C4B328272428AB0006EBAD /* MyPage.storyboard in Resources */,
				44F9B0ED270606EE005418F0 /* LaunchScreen.storyboard in Resources */,
				782FDF4D272CFB6E004D1B6E /* HWPhotoListFromAlbumView.xib in Resources */,
				4FD4F1DB272F86B800BDB4BB /* RecordImageCollectionViewCell.xib in Resources */,
				787769A1273AA98100519B58 /* PhotoContentsView.xib in Resources */,
				4FD4F1D5272F869A00BDB4BB /* RecordCardCollectionViewCell.xib in Resources */,
				784D1DCA27083D88004B1A23 /* Images.xcassets in Resources */,
				782FDF4B272CFB6E004D1B6E /* PhotoFromAlbumCell.xib in Resources */,
				78958E0E27129FBB003FF724 /* Pretendard-Bold.ttf in Resources */,
				4489368A2708380100EA423A /* Onboarding.storyboard in Resources */,
				789E6197272554F400D6E18F /* Record.storyboard in Resources */,
			);
			runOnlyForDeploymentPostprocessing = 0;
		};
/* End PBXResourcesBuildPhase section */

/* Begin PBXShellScriptBuildPhase section */
		0E3F08398E39A88DA3820B45 /* [CP] Check Pods Manifest.lock */ = {
			isa = PBXShellScriptBuildPhase;
			buildActionMask = 2147483647;
			files = (
			);
			inputFileListPaths = (
			);
			inputPaths = (
				"${PODS_PODFILE_DIR_PATH}/Podfile.lock",
				"${PODS_ROOT}/Manifest.lock",
			);
			name = "[CP] Check Pods Manifest.lock";
			outputFileListPaths = (
			);
			outputPaths = (
				"$(DERIVED_FILE_DIR)/Pods-Archive-checkManifestLockResult.txt",
			);
			runOnlyForDeploymentPostprocessing = 0;
			shellPath = /bin/sh;
			shellScript = "diff \"${PODS_PODFILE_DIR_PATH}/Podfile.lock\" \"${PODS_ROOT}/Manifest.lock\" > /dev/null\nif [ $? != 0 ] ; then\n    # print error to STDERR\n    echo \"error: The sandbox is not in sync with the Podfile.lock. Run 'pod install' or update your CocoaPods installation.\" >&2\n    exit 1\nfi\n# This output is used by Xcode 'outputs' to avoid re-running this script phase.\necho \"SUCCESS\" > \"${SCRIPT_OUTPUT_FILE_0}\"\n";
			showEnvVarsInLog = 0;
		};
		12A4B05383F7DDEAEE3F8507 /* [CP] Embed Pods Frameworks */ = {
			isa = PBXShellScriptBuildPhase;
			buildActionMask = 2147483647;
			files = (
			);
			inputFileListPaths = (
				"${PODS_ROOT}/Target Support Files/Pods-Archive_debug/Pods-Archive_debug-frameworks-${CONFIGURATION}-input-files.xcfilelist",
			);
			name = "[CP] Embed Pods Frameworks";
			outputFileListPaths = (
				"${PODS_ROOT}/Target Support Files/Pods-Archive_debug/Pods-Archive_debug-frameworks-${CONFIGURATION}-output-files.xcfilelist",
			);
			runOnlyForDeploymentPostprocessing = 0;
			shellPath = /bin/sh;
			shellScript = "\"${PODS_ROOT}/Target Support Files/Pods-Archive_debug/Pods-Archive_debug-frameworks.sh\"\n";
			showEnvVarsInLog = 0;
		};
		784D1DD627084789004B1A23 /* Lint */ = {
			isa = PBXShellScriptBuildPhase;
			buildActionMask = 2147483647;
			files = (
			);
			inputFileListPaths = (
			);
			inputPaths = (
			);
			name = Lint;
			outputFileListPaths = (
			);
			outputPaths = (
			);
			runOnlyForDeploymentPostprocessing = 0;
			shellPath = /bin/sh;
			shellScript = "${PODS_ROOT}/SwiftLint/swiftlint\n";
		};
		784D1DEB27084924004B1A23 /* Gen */ = {
			isa = PBXShellScriptBuildPhase;
			buildActionMask = 2147483647;
			files = (
			);
			inputFileListPaths = (
			);
			inputPaths = (
			);
			name = Gen;
			outputFileListPaths = (
			);
			outputPaths = (
			);
			runOnlyForDeploymentPostprocessing = 0;
			shellPath = /bin/sh;
			shellScript = "${PODS_ROOT}/SwiftGen/bin/swiftgen\n";
		};
		9734DE066DDB6101008DB118 /* [CP] Check Pods Manifest.lock */ = {
			isa = PBXShellScriptBuildPhase;
			buildActionMask = 2147483647;
			files = (
			);
			inputFileListPaths = (
			);
			inputPaths = (
				"${PODS_PODFILE_DIR_PATH}/Podfile.lock",
				"${PODS_ROOT}/Manifest.lock",
			);
			name = "[CP] Check Pods Manifest.lock";
			outputFileListPaths = (
			);
			outputPaths = (
				"$(DERIVED_FILE_DIR)/Pods-Archive_debug-checkManifestLockResult.txt",
			);
			runOnlyForDeploymentPostprocessing = 0;
			shellPath = /bin/sh;
			shellScript = "diff \"${PODS_PODFILE_DIR_PATH}/Podfile.lock\" \"${PODS_ROOT}/Manifest.lock\" > /dev/null\nif [ $? != 0 ] ; then\n    # print error to STDERR\n    echo \"error: The sandbox is not in sync with the Podfile.lock. Run 'pod install' or update your CocoaPods installation.\" >&2\n    exit 1\nfi\n# This output is used by Xcode 'outputs' to avoid re-running this script phase.\necho \"SUCCESS\" > \"${SCRIPT_OUTPUT_FILE_0}\"\n";
			showEnvVarsInLog = 0;
		};
		D66E2DBAF1C05AE16297D93D /* [CP] Embed Pods Frameworks */ = {
			isa = PBXShellScriptBuildPhase;
			buildActionMask = 2147483647;
			files = (
			);
			inputFileListPaths = (
				"${PODS_ROOT}/Target Support Files/Pods-Archive/Pods-Archive-frameworks-${CONFIGURATION}-input-files.xcfilelist",
			);
			name = "[CP] Embed Pods Frameworks";
			outputFileListPaths = (
				"${PODS_ROOT}/Target Support Files/Pods-Archive/Pods-Archive-frameworks-${CONFIGURATION}-output-files.xcfilelist",
			);
			runOnlyForDeploymentPostprocessing = 0;
			shellPath = /bin/sh;
			shellScript = "\"${PODS_ROOT}/Target Support Files/Pods-Archive/Pods-Archive-frameworks.sh\"\n";
			showEnvVarsInLog = 0;
		};
/* End PBXShellScriptBuildPhase section */

/* Begin PBXSourcesBuildPhase section */
		44B4F23527074C5900D53F27 /* Sources */ = {
			isa = PBXSourcesBuildPhase;
			buildActionMask = 2147483647;
			files = (
				78B872DE2726C553009EFB54 /* EmotionSelectViewController.swift in Sources */,
				789E61CB2725855F00D6E18F /* ContentsRecordModel.swift in Sources */,
				78B872ED2726F38A009EFB54 /* ContentsRecordViewController.swift in Sources */,
				789E61CA2725855D00D6E18F /* ContentsRecordReactor.swift in Sources */,
				780478132723CC5F00FAA1CF /* MyPageViewController.swift in Sources */,
				780478272723FAB100FAA1CF /* LoginInformationViewController.swift in Sources */,
				78C4B33627243C930006EBAD /* NSMutableAttributedStringExtension.swift in Sources */,
				784377B0273173B00005CB51 /* RecordAddImageCollectionViewCell.swift in Sources */,
				44FB0A05271832D4006E1048 /* AppFlow.swift in Sources */,
				782FDF57272D1D78004D1B6E /* ActivityIndicatorable.swift in Sources */,
				44922DC62719DF3F00A5EA2B /* UIButtonExtension.swift in Sources */,
				78D603C4270B409F00B9B033 /* HWFlipView.swift in Sources */,
				78C4B33C27244C310006EBAD /* UIViewExtension.swift in Sources */,
				78958E1A2712A516003FF724 /* Assets.swift in Sources */,
				7804782A2723FADD00FAA1CF /* LoginDefine.swift in Sources */,
				78C62C6F2729759D005BF3DE /* UIPageViewControllerExtension.swift in Sources */,
				780478102723CB7900FAA1CF /* MyPageFlow.swift in Sources */,
				78B872E82726E51C009EFB54 /* ImageRecordViewController.swift in Sources */,
				44FB0A2A27186E33006E1048 /* AppStepper.swift in Sources */,
				780478142723CC6400FAA1CF /* MyPageReactor.swift in Sources */,
				78958E152712A3EF003FF724 /* UIFontExtension.swift in Sources */,
				787769A2273AA98400519B58 /* PhotoContentsView.swift in Sources */,
				44FB0A2327184376006E1048 /* ReuseIdentifiable.swift in Sources */,
				789E61AA2725601C00D6E18F /* RecordReactor.swift in Sources */,
				780478122723CC5C00FAA1CF /* MyPageModel.swift in Sources */,
				78B872DF2726C553009EFB54 /* EmotionSelectReactor.swift in Sources */,
				44FB09F427183097006E1048 /* TermsAgreementViewController.swift in Sources */,
				44FB0A02271832D2006E1048 /* ArchiveStep.swift in Sources */,
				78B872E92726E51C009EFB54 /* ImageRecordReactor.swift in Sources */,
				789E61BE2725849400D6E18F /* NibIdentifiable.swift in Sources */,
				78C4B33027242B650006EBAD /* WithdrawalViewController.swift in Sources */,
				44FB0A0C27183307006E1048 /* OnboardingFlow.swift in Sources */,
				782FDF53272CFC1C004D1B6E /* PhotoFromAlbumCell.swift in Sources */,
				4FD4F1DE272F870D00BDB4BB /* RecordImageCollectionViewCell.swift in Sources */,
				789E61AD2725601C00D6E18F /* RecordViewController.swift in Sources */,
				782FDF42272CFA59004D1B6E /* ImageSelectViewController.swift in Sources */,
				78C4B33227242B650006EBAD /* WithdrawalModel.swift in Sources */,
				780478282723FAB300FAA1CF /* LoginInformationReactor.swift in Sources */,
				44FB0A1D27183C9C006E1048 /* SignUpCompletionViewController.swift in Sources */,
				44B4F2DB2707560100D53F27 /* AppDelegate.swift in Sources */,
				44FB0A1827183C22006E1048 /* PasswordInputViewController.swift in Sources */,
				789E61A82725601400D6E18F /* RecordFlow.swift in Sources */,
				78B872DD2726C553009EFB54 /* EmotionSelectModel.swift in Sources */,
				782FDF50272CFC1C004D1B6E /* HWPhotoListFromAlbumView.swift in Sources */,
				782FDF41272CFA59004D1B6E /* ImageSelectModel.swift in Sources */,
				788243AA272CDCDC005E5CC0 /* Util.swift in Sources */,
				44922DCB2719E64200A5EA2B /* DefaultButton.swift in Sources */,
				789E61AB2725601C00D6E18F /* RecordModel.swift in Sources */,
				78C4B33927244B510006EBAD /* CommonAlertView.swift in Sources */,
				78B872E22726C6D4009EFB54 /* EmotionDefine.swift in Sources */,
				44922DA82719B89200A5EA2B /* Validator.swift in Sources */,
				4FD4F1DD272F870D00BDB4BB /* RecordCardCollectionViewCell.swift in Sources */,
				785F5E44273018EB00ACC7BA /* UIImageViewExtension.swift in Sources */,
				448936AB2708401500EA423A /* SignInReactor.swift in Sources */,
				783A61E0273BEB06004D848F /* InstagramStoryShareManager.swift in Sources */,
				44FB0A1327183BDD006E1048 /* EmailInputViewController.swift in Sources */,
				78C4B33127242B650006EBAD /* WithdrawalReactor.swift in Sources */,
				780478292723FAB500FAA1CF /* LoginInformationModel.swift in Sources */,
				789E61BF2725849400D6E18F /* ClassIdentifiable.swift in Sources */,
				44AA7D8C2724494E006EEA98 /* ConditionCheckView.swift in Sources */,
				44922DA22719512A00A5EA2B /* SignInViewController.swift in Sources */,
				44B4F2D8270755FF00D53F27 /* SceneDelegate.swift in Sources */,
				44922DD32719FB9300A5EA2B /* InputView.swift in Sources */,
				44FB09F72718309F006E1048 /* SignUpReactor.swift in Sources */,
				782FDF54272CFC1C004D1B6E /* PhotoFromAlbumModel.swift in Sources */,
				78958E162712A3F1003FF724 /* FontDefine.swift in Sources */,
				78B872EA2726E51C009EFB54 /* ImageRecordModel.swift in Sources */,
				782FDF40272CFA59004D1B6E /* ImageSelectReactor.swift in Sources */,
				783A61E3273BF069004D848F /* TopConerRadiusView.swift in Sources */,
				78557A2B272ECFD300C5BD62 /* UIDeviceExtension.swift in Sources */,
			);
			runOnlyForDeploymentPostprocessing = 0;
		};
		44F9B0D9270606E7005418F0 /* Sources */ = {
			isa = PBXSourcesBuildPhase;
			buildActionMask = 2147483647;
			files = (
				44FB0A2227184376006E1048 /* ReuseIdentifiable.swift in Sources */,
				789E61C7272584FC00D6E18F /* ContentsRecordModel.swift in Sources */,
				78B872EC2726F32E009EFB54 /* ContentsRecordViewController.swift in Sources */,
				782FDF3B272CF9B6004D1B6E /* ImageSelectViewController.swift in Sources */,
				789E61C5272584ED00D6E18F /* ContentsRecordReactor.swift in Sources */,
				780478202723E83100FAA1CF /* LoginInformationViewController.swift in Sources */,
				78C4B33527243C660006EBAD /* NSMutableAttributedStringExtension.swift in Sources */,
				784377AE273172820005CB51 /* RecordAddImageCollectionViewCell.swift in Sources */,
				44922DC52719DF3F00A5EA2B /* UIButtonExtension.swift in Sources */,
				782FDF56272D1D70004D1B6E /* ActivityIndicatorable.swift in Sources */,
				44FB0A09271832E9006E1048 /* OnboardingFlow.swift in Sources */,
				789E619D2725551C00D6E18F /* RecordModel.swift in Sources */,
				44FB09FB27183269006E1048 /* ArchiveStep.swift in Sources */,
				78C4B33B27244C000006EBAD /* UIViewExtension.swift in Sources */,
				44FB09FF271832AD006E1048 /* AppFlow.swift in Sources */,
				780478262723EA0300FAA1CF /* LoginDefine.swift in Sources */,
				782FDF3D272CF9C3004D1B6E /* ImageSelectReactor.swift in Sources */,
				78C62C6E2729759A005BF3DE /* UIPageViewControllerExtension.swift in Sources */,
				44BE6F01271144AB00E74A7D /* TermsAgreementViewController.swift in Sources */,
				789E61BC2725847B00D6E18F /* ClassIdentifiable.swift in Sources */,
				78BA15472721956A0078B88E /* MyPageFlow.swift in Sources */,
				787769A0273AA98100519B58 /* PhotoContentsView.swift in Sources */,
				44FB0A2927186E33006E1048 /* AppStepper.swift in Sources */,
				44FB0A1027183BDA006E1048 /* EmailInputViewController.swift in Sources */,
				44BE6F07271144BF00E74A7D /* SignUpReactor.swift in Sources */,
				782FDF4F272CFB6E004D1B6E /* HWPhotoListFromAlbumView.swift in Sources */,
				78BA154327218F4F0078B88E /* MyPageReactor.swift in Sources */,
				448936AA2708401500EA423A /* SignInReactor.swift in Sources */,
				44F9B0E1270606E7005418F0 /* AppDelegate.swift in Sources */,
				78C4B32B272428D40006EBAD /* WithdrawalViewController.swift in Sources */,
				4FD4F1DA272F86B800BDB4BB /* RecordImageCollectionViewCell.swift in Sources */,
				789E61992725550A00D6E18F /* RecordViewController.swift in Sources */,
				784D1E2127088BC0004B1A23 /* HWFlipView.swift in Sources */,
				78C4B32F272429370006EBAD /* WithdrawalModel.swift in Sources */,
				789E61B027257BCB00D6E18F /* ImageRecordReactor.swift in Sources */,
				780478222723E83F00FAA1CF /* LoginInformationReactor.swift in Sources */,
				78B872DC2726C54C009EFB54 /* EmotionSelectViewController.swift in Sources */,
				78958E142712A0C5003FF724 /* UIFontExtension.swift in Sources */,
				78BA154127218F430078B88E /* MyPageViewController.swift in Sources */,
				782FDF4E272CFB6E004D1B6E /* PhotoFromAlbumModel.swift in Sources */,
				44922DCA2719E64200A5EA2B /* DefaultButton.swift in Sources */,
				78557A2A272ECFC800C5BD62 /* UIDeviceExtension.swift in Sources */,
				78B872DB2726C54C009EFB54 /* EmotionSelectReactor.swift in Sources */,
				789E61B92725817900D6E18F /* NibIdentifiable.swift in Sources */,
				789E619B2725551400D6E18F /* RecordReactor.swift in Sources */,
				78B872DA2726C54C009EFB54 /* EmotionSelectModel.swift in Sources */,
				78458D2A272C18BB00392B45 /* Util.swift in Sources */,
				44922DA72719B89200A5EA2B /* Validator.swift in Sources */,
				78C4B33827244ACC0006EBAD /* CommonAlertView.swift in Sources */,
				784D1E3527088EC8004B1A23 /* Assets.swift in Sources */,
				78B872E12726C6D1009EFB54 /* EmotionDefine.swift in Sources */,
				4FD4F1D4272F869A00BDB4BB /* RecordCardCollectionViewCell.swift in Sources */,
				785F5E43273018BC00ACC7BA /* UIImageViewExtension.swift in Sources */,
				44FB0A1727183C22006E1048 /* PasswordInputViewController.swift in Sources */,
				783A61DF273BEB02004D848F /* InstagramStoryShareManager.swift in Sources */,
				789E61A727255F8500D6E18F /* RecordFlow.swift in Sources */,
				78BA1549272197250078B88E /* MyPageModel.swift in Sources */,
				78C4B32D2724292D0006EBAD /* WithdrawalReactor.swift in Sources */,
				780478242723E84900FAA1CF /* LoginInformationModel.swift in Sources */,
				789E61B227257BD400D6E18F /* ImageRecordModel.swift in Sources */,
				44AA7D892724494B006EEA98 /* ConditionCheckView.swift in Sources */,
				44922DA12719512A00A5EA2B /* SignInViewController.swift in Sources */,
				78B872E52726E420009EFB54 /* ImageRecordViewController.swift in Sources */,
				44F9B0E3270606E7005418F0 /* SceneDelegate.swift in Sources */,
				44922DD22719FB9300A5EA2B /* InputView.swift in Sources */,
				44FB0A1C27183C9C006E1048 /* SignUpCompletionViewController.swift in Sources */,
				78958E112712A04B003FF724 /* FontDefine.swift in Sources */,
				782FDF4C272CFB6E004D1B6E /* PhotoFromAlbumCell.swift in Sources */,
				783A61E2273BEE9F004D848F /* TopConerRadiusView.swift in Sources */,
				782FDF3F272CF9CC004D1B6E /* ImageSelectModel.swift in Sources */,
			);
			runOnlyForDeploymentPostprocessing = 0;
		};
/* End PBXSourcesBuildPhase section */

/* Begin PBXVariantGroup section */
		44F9B0EB270606EE005418F0 /* LaunchScreen.storyboard */ = {
			isa = PBXVariantGroup;
			children = (
				44F9B0EC270606EE005418F0 /* Base */,
			);
			name = LaunchScreen.storyboard;
			sourceTree = "<group>";
		};
/* End PBXVariantGroup section */

/* Begin XCBuildConfiguration section */
		44B4F24B27074C6000D53F27 /* Debug */ = {
			isa = XCBuildConfiguration;
			baseConfigurationReference = FA175B2EB22AA1439476C6F2 /* Pods-Archive_debug.debug.xcconfig */;
			buildSettings = {
				ASSETCATALOG_COMPILER_APPICON_NAME = AppIcon;
				ASSETCATALOG_COMPILER_GLOBAL_ACCENT_COLOR_NAME = AccentColor;
				CODE_SIGN_IDENTITY = "Apple Development";
				CODE_SIGN_STYLE = Manual;
				CURRENT_PROJECT_VERSION = 1;
				DEVELOPMENT_TEAM = "";
				"EXCLUDED_ARCHS[sdk=iphonesimulator*]" = arm64;
				INFOPLIST_FILE = Archive/Info_debug.plist;
				IPHONEOS_DEPLOYMENT_TARGET = 13.0;
				LD_RUNPATH_SEARCH_PATHS = (
					"$(inherited)",
					"@executable_path/Frameworks",
				);
				MARKETING_VERSION = 1.0;
				PRODUCT_BUNDLE_IDENTIFIER = "com.depromeet.Archive-debug";
				PRODUCT_NAME = "$(TARGET_NAME)";
				PROVISIONING_PROFILE_SPECIFIER = "";
				SWIFT_VERSION = 5.0;
				TARGETED_DEVICE_FAMILY = 1;
			};
			name = Debug;
		};
		44B4F24C27074C6000D53F27 /* Release */ = {
			isa = XCBuildConfiguration;
			baseConfigurationReference = 06F06804D75A04AFC0A2BC3A /* Pods-Archive_debug.release.xcconfig */;
			buildSettings = {
				ASSETCATALOG_COMPILER_APPICON_NAME = AppIcon;
				ASSETCATALOG_COMPILER_GLOBAL_ACCENT_COLOR_NAME = AccentColor;
				CODE_SIGN_IDENTITY = "Apple Development";
				CODE_SIGN_STYLE = Manual;
				CURRENT_PROJECT_VERSION = 1;
				DEVELOPMENT_TEAM = "";
				"EXCLUDED_ARCHS[sdk=iphonesimulator*]" = arm64;
				INFOPLIST_FILE = Archive/Info_debug.plist;
				IPHONEOS_DEPLOYMENT_TARGET = 13.0;
				LD_RUNPATH_SEARCH_PATHS = (
					"$(inherited)",
					"@executable_path/Frameworks",
				);
				MARKETING_VERSION = 1.0;
				PRODUCT_BUNDLE_IDENTIFIER = "com.depromeet.Archive-debug";
				PRODUCT_NAME = "$(TARGET_NAME)";
				PROVISIONING_PROFILE_SPECIFIER = "";
				SWIFT_VERSION = 5.0;
				TARGETED_DEVICE_FAMILY = 1;
			};
			name = Release;
		};
		44F9B0EF270606EE005418F0 /* Debug */ = {
			isa = XCBuildConfiguration;
			buildSettings = {
				ALWAYS_SEARCH_USER_PATHS = NO;
				CLANG_ANALYZER_NONNULL = YES;
				CLANG_ANALYZER_NUMBER_OBJECT_CONVERSION = YES_AGGRESSIVE;
				CLANG_CXX_LANGUAGE_STANDARD = "gnu++14";
				CLANG_CXX_LIBRARY = "libc++";
				CLANG_ENABLE_MODULES = YES;
				CLANG_ENABLE_OBJC_ARC = YES;
				CLANG_ENABLE_OBJC_WEAK = YES;
				CLANG_WARN_BLOCK_CAPTURE_AUTORELEASING = YES;
				CLANG_WARN_BOOL_CONVERSION = YES;
				CLANG_WARN_COMMA = YES;
				CLANG_WARN_CONSTANT_CONVERSION = YES;
				CLANG_WARN_DEPRECATED_OBJC_IMPLEMENTATIONS = YES;
				CLANG_WARN_DIRECT_OBJC_ISA_USAGE = YES_ERROR;
				CLANG_WARN_DOCUMENTATION_COMMENTS = YES;
				CLANG_WARN_EMPTY_BODY = YES;
				CLANG_WARN_ENUM_CONVERSION = YES;
				CLANG_WARN_INFINITE_RECURSION = YES;
				CLANG_WARN_INT_CONVERSION = YES;
				CLANG_WARN_NON_LITERAL_NULL_CONVERSION = YES;
				CLANG_WARN_OBJC_IMPLICIT_RETAIN_SELF = YES;
				CLANG_WARN_OBJC_LITERAL_CONVERSION = YES;
				CLANG_WARN_OBJC_ROOT_CLASS = YES_ERROR;
				CLANG_WARN_QUOTED_INCLUDE_IN_FRAMEWORK_HEADER = YES;
				CLANG_WARN_RANGE_LOOP_ANALYSIS = YES;
				CLANG_WARN_STRICT_PROTOTYPES = YES;
				CLANG_WARN_SUSPICIOUS_MOVE = YES;
				CLANG_WARN_UNGUARDED_AVAILABILITY = YES_AGGRESSIVE;
				CLANG_WARN_UNREACHABLE_CODE = YES;
				CLANG_WARN__DUPLICATE_METHOD_MATCH = YES;
				COPY_PHASE_STRIP = NO;
				DEBUG_INFORMATION_FORMAT = dwarf;
				ENABLE_STRICT_OBJC_MSGSEND = YES;
				ENABLE_TESTABILITY = YES;
				GCC_C_LANGUAGE_STANDARD = gnu11;
				GCC_DYNAMIC_NO_PIC = NO;
				GCC_NO_COMMON_BLOCKS = YES;
				GCC_OPTIMIZATION_LEVEL = 0;
				GCC_PREPROCESSOR_DEFINITIONS = (
					"DEBUG=1",
					"$(inherited)",
				);
				GCC_WARN_64_TO_32_BIT_CONVERSION = YES;
				GCC_WARN_ABOUT_RETURN_TYPE = YES_ERROR;
				GCC_WARN_UNDECLARED_SELECTOR = YES;
				GCC_WARN_UNINITIALIZED_AUTOS = YES_AGGRESSIVE;
				GCC_WARN_UNUSED_FUNCTION = YES;
				GCC_WARN_UNUSED_VARIABLE = YES;
				IPHONEOS_DEPLOYMENT_TARGET = 13.0;
				MTL_ENABLE_DEBUG_INFO = INCLUDE_SOURCE;
				MTL_FAST_MATH = YES;
				ONLY_ACTIVE_ARCH = YES;
				SDKROOT = iphoneos;
				SWIFT_ACTIVE_COMPILATION_CONDITIONS = DEBUG;
				SWIFT_OPTIMIZATION_LEVEL = "-Onone";
			};
			name = Debug;
		};
		44F9B0F0270606EE005418F0 /* Release */ = {
			isa = XCBuildConfiguration;
			buildSettings = {
				ALWAYS_SEARCH_USER_PATHS = NO;
				CLANG_ANALYZER_NONNULL = YES;
				CLANG_ANALYZER_NUMBER_OBJECT_CONVERSION = YES_AGGRESSIVE;
				CLANG_CXX_LANGUAGE_STANDARD = "gnu++14";
				CLANG_CXX_LIBRARY = "libc++";
				CLANG_ENABLE_MODULES = YES;
				CLANG_ENABLE_OBJC_ARC = YES;
				CLANG_ENABLE_OBJC_WEAK = YES;
				CLANG_WARN_BLOCK_CAPTURE_AUTORELEASING = YES;
				CLANG_WARN_BOOL_CONVERSION = YES;
				CLANG_WARN_COMMA = YES;
				CLANG_WARN_CONSTANT_CONVERSION = YES;
				CLANG_WARN_DEPRECATED_OBJC_IMPLEMENTATIONS = YES;
				CLANG_WARN_DIRECT_OBJC_ISA_USAGE = YES_ERROR;
				CLANG_WARN_DOCUMENTATION_COMMENTS = YES;
				CLANG_WARN_EMPTY_BODY = YES;
				CLANG_WARN_ENUM_CONVERSION = YES;
				CLANG_WARN_INFINITE_RECURSION = YES;
				CLANG_WARN_INT_CONVERSION = YES;
				CLANG_WARN_NON_LITERAL_NULL_CONVERSION = YES;
				CLANG_WARN_OBJC_IMPLICIT_RETAIN_SELF = YES;
				CLANG_WARN_OBJC_LITERAL_CONVERSION = YES;
				CLANG_WARN_OBJC_ROOT_CLASS = YES_ERROR;
				CLANG_WARN_QUOTED_INCLUDE_IN_FRAMEWORK_HEADER = YES;
				CLANG_WARN_RANGE_LOOP_ANALYSIS = YES;
				CLANG_WARN_STRICT_PROTOTYPES = YES;
				CLANG_WARN_SUSPICIOUS_MOVE = YES;
				CLANG_WARN_UNGUARDED_AVAILABILITY = YES_AGGRESSIVE;
				CLANG_WARN_UNREACHABLE_CODE = YES;
				CLANG_WARN__DUPLICATE_METHOD_MATCH = YES;
				COPY_PHASE_STRIP = NO;
				DEBUG_INFORMATION_FORMAT = "dwarf-with-dsym";
				ENABLE_NS_ASSERTIONS = NO;
				ENABLE_STRICT_OBJC_MSGSEND = YES;
				GCC_C_LANGUAGE_STANDARD = gnu11;
				GCC_NO_COMMON_BLOCKS = YES;
				GCC_WARN_64_TO_32_BIT_CONVERSION = YES;
				GCC_WARN_ABOUT_RETURN_TYPE = YES_ERROR;
				GCC_WARN_UNDECLARED_SELECTOR = YES;
				GCC_WARN_UNINITIALIZED_AUTOS = YES_AGGRESSIVE;
				GCC_WARN_UNUSED_FUNCTION = YES;
				GCC_WARN_UNUSED_VARIABLE = YES;
				IPHONEOS_DEPLOYMENT_TARGET = 13.0;
				MTL_ENABLE_DEBUG_INFO = NO;
				MTL_FAST_MATH = YES;
				SDKROOT = iphoneos;
				SWIFT_COMPILATION_MODE = wholemodule;
				SWIFT_OPTIMIZATION_LEVEL = "-O";
				VALIDATE_PRODUCT = YES;
			};
			name = Release;
		};
		44F9B0F2270606EE005418F0 /* Debug */ = {
			isa = XCBuildConfiguration;
			baseConfigurationReference = 042D77236B7F2A3971336EF8 /* Pods-Archive.debug.xcconfig */;
			buildSettings = {
				ASSETCATALOG_COMPILER_APPICON_NAME = AppIcon;
				ASSETCATALOG_COMPILER_GLOBAL_ACCENT_COLOR_NAME = AccentColor;
				CODE_SIGN_STYLE = Manual;
				DEVELOPMENT_TEAM = "";
				"EXCLUDED_ARCHS[sdk=iphonesimulator*]" = arm64;
				INFOPLIST_FILE = Archive/Info.plist;
				IPHONEOS_DEPLOYMENT_TARGET = 13.0;
				LD_RUNPATH_SEARCH_PATHS = (
					"$(inherited)",
					"@executable_path/Frameworks",
				);
				PRODUCT_BUNDLE_IDENTIFIER = com.depromeet.Archive;
				PRODUCT_NAME = "$(TARGET_NAME)";
				PROVISIONING_PROFILE_SPECIFIER = "";
				SWIFT_VERSION = 5.0;
				TARGETED_DEVICE_FAMILY = 1;
			};
			name = Debug;
		};
		44F9B0F3270606EE005418F0 /* Release */ = {
			isa = XCBuildConfiguration;
			baseConfigurationReference = 72C4423C0F1934D8C0AFE14D /* Pods-Archive.release.xcconfig */;
			buildSettings = {
				ASSETCATALOG_COMPILER_APPICON_NAME = AppIcon;
				ASSETCATALOG_COMPILER_GLOBAL_ACCENT_COLOR_NAME = AccentColor;
				CODE_SIGN_STYLE = Manual;
				DEVELOPMENT_TEAM = "";
				"EXCLUDED_ARCHS[sdk=iphonesimulator*]" = arm64;
				INFOPLIST_FILE = Archive/Info.plist;
				IPHONEOS_DEPLOYMENT_TARGET = 13.0;
				LD_RUNPATH_SEARCH_PATHS = (
					"$(inherited)",
					"@executable_path/Frameworks",
				);
				PRODUCT_BUNDLE_IDENTIFIER = com.depromeet.Archive;
				PRODUCT_NAME = "$(TARGET_NAME)";
				PROVISIONING_PROFILE_SPECIFIER = "";
				SWIFT_VERSION = 5.0;
				TARGETED_DEVICE_FAMILY = 1;
			};
			name = Release;
		};
/* End XCBuildConfiguration section */

/* Begin XCConfigurationList section */
		44B4F24A27074C6000D53F27 /* Build configuration list for PBXNativeTarget "Archive_debug" */ = {
			isa = XCConfigurationList;
			buildConfigurations = (
				44B4F24B27074C6000D53F27 /* Debug */,
				44B4F24C27074C6000D53F27 /* Release */,
			);
			defaultConfigurationIsVisible = 0;
			defaultConfigurationName = Release;
		};
		44F9B0D8270606E7005418F0 /* Build configuration list for PBXProject "Archive" */ = {
			isa = XCConfigurationList;
			buildConfigurations = (
				44F9B0EF270606EE005418F0 /* Debug */,
				44F9B0F0270606EE005418F0 /* Release */,
			);
			defaultConfigurationIsVisible = 0;
			defaultConfigurationName = Release;
		};
		44F9B0F1270606EE005418F0 /* Build configuration list for PBXNativeTarget "Archive" */ = {
			isa = XCConfigurationList;
			buildConfigurations = (
				44F9B0F2270606EE005418F0 /* Debug */,
				44F9B0F3270606EE005418F0 /* Release */,
			);
			defaultConfigurationIsVisible = 0;
			defaultConfigurationName = Release;
		};
/* End XCConfigurationList section */
	};
	rootObject = 44F9B0D5270606E7005418F0 /* Project object */;
}
